PODS:
  - BTree (4.1.0)
  - CombineRex (0.8.6):
    - SwiftRex (~> 0.8.6)
  - CombineRextensions (1.0.0.LOCAL):
    - CombineRex (~> 0.8.4)
  - FlagKit (2.2)
  - SatelliteCatalog (1.0.0.LOCAL):
    - SatelliteKit (= 1.0.0.LOCAL)
    - SQLite.swift (~> 0.12.2)
  - SatelliteForcastCore (1.0.0.LOCAL):
    - BTree (~> 4.1.0)
    - SatelliteCatalog (= 1.0.0.LOCAL)
    - SatelliteKit (= 1.0.0.LOCAL)
  - SatelliteKit (1.0.0.LOCAL)
  - SnapshotTesting (1.8.2)
  - SQLite.swift (0.12.2):
    - SQLite.swift/standard (= 0.12.2)
  - SQLite.swift/standard (0.12.2)
  - StarryNight (1.0.0.LOCAL):
    - SatelliteKit (= 1.0.0.LOCAL)
    - SQLite.swift (~> 0.12.2)
    - STRegex (~> 2.1)
  - STRegex (2.1.1)
  - SwiftRex (0.8.6)
  - SwiftUIVisualEffects (1.0.0.LOCAL)
  - TestingExtensions (1.0.0.LOCAL):
    - CombineRex (~> 0.8.4)
    - SnapshotTesting (~> 1.8.2)
    - SwiftRex (~> 0.8.4)

DEPENDENCIES:
  - BTree (~> 4.1.0)
  - CombineRex (~> 0.8.4)
  - CombineRextensions (from `https://github.com/DJBen/CombineRextensions.git`)
  - FlagKit
  - SatelliteCatalog (from `./SatelliteCatalog`)
  - SatelliteForcastCore (from `./SatelliteForcastCore`)
  - SatelliteKit (from `./SatelliteKit`)
  - StarryNight (from `./StarryNight`)
  - SwiftRex (from `https://github.com/DJBen/SwiftRex.git`, branch `sihao/enable-testability`)
  - SwiftUIVisualEffects (from `./SwiftUIVisualEffects`)
  - TestingExtensions (from `./TestingExtensions`)

SPEC REPOS:
  trunk:
    - BTree
    - CombineRex
    - FlagKit
    - SnapshotTesting
    - SQLite.swift
    - STRegex

EXTERNAL SOURCES:
  CombineRextensions:
    :git: https://github.com/DJBen/CombineRextensions.git
  SatelliteCatalog:
    :path: "./SatelliteCatalog"
  SatelliteForcastCore:
    :path: "./SatelliteForcastCore"
  SatelliteKit:
    :path: "./SatelliteKit"
  StarryNight:
    :path: "./StarryNight"
  SwiftRex:
    :branch: sihao/enable-testability
    :git: https://github.com/DJBen/SwiftRex.git
  SwiftUIVisualEffects:
    :path: "./SwiftUIVisualEffects"
  TestingExtensions:
    :path: "./TestingExtensions"

CHECKOUT OPTIONS:
  CombineRextensions:
    :commit: 1af2ae022e80bd4f0bc8809321bf618a7410c6af
    :git: https://github.com/DJBen/CombineRextensions.git
  SwiftRex:
    :commit: 261284ee9e63294783834713618b808ceca67a14
    :git: https://github.com/DJBen/SwiftRex.git

SPEC CHECKSUMS:
  BTree: 99b99930790b88dc5e8bafbf666a5dfb8d7808b4
  CombineRex: 8fa0193b70739542ba3ceaf7be7a586524509428
  CombineRextensions: 00444b1b96f1914c0c52d4498e0e90e89469540e
  FlagKit: eca7dc89064b0c986302ba9acefad1bf80a435b1
  SatelliteCatalog: 03261393572b58b64f8b26d3456c75953f288d1b
  SatelliteForcastCore: 9e3247d7e8c60c68eeea074f5cdfa59931ca21c2
  SatelliteKit: 56c2f87ceb711c89f976509af9040059058e8a51
  SnapshotTesting: 38947050d13960d57a4a9c166fcf51bca7d56970
  SQLite.swift: d2b4642190917051ce6bd1d49aab565fe794eea3
  StarryNight: 57aec7f59091bbbebab2471e391c19ba77b695d9
  STRegex: d49e88d0fe58538d3175fdd989bc1243b9be2a07
  SwiftRex: 5f0e14fe9bb658405bdbc7e78f2a8677bedd2bda
  SwiftUIVisualEffects: 4e6f1fe8159a07e59eaf3918e5f8cd1fe52cadce
  TestingExtensions: 9d0aedfff90a52837a5a0733d517a9c8493b123f

PODFILE CHECKSUM: 043054508418d872a0ade55aff40900e1c662881

COCOAPODS: 1.10.1
