PODS:
  - BTree (4.1.0)
  - CombineRex (0.8.6):
    - SwiftRex (~> 0.8.6)
  - CombineRextensions (0.1.6):
    - CombineRex (~> 0.8.6)
  - FlagKit (2.2)
  - SatelliteCatalog (1.0.0.LOCAL):
    - SatelliteKit (= 1.0.0.LOCAL)
    - SQLite.swift (~> 0.12.2)
  - SatelliteForcastCore (1.0.0.LOCAL):
    - BTree (~> 4.1.0)
    - SatelliteCatalog (= 1.0.0.LOCAL)
    - SatelliteKit (= 1.0.0.LOCAL)
  - SatelliteKit (1.0.0.LOCAL)
  - SnapshotTesting (1.8.2)
  - SQLite.swift (0.12.2):
    - SQLite.swift/standard (= 0.12.2)
  - SQLite.swift/standard (0.12.2)
  - StarryNight (1.0.0.LOCAL):
    - SatelliteKit (= 1.0.0.LOCAL)
    - SQLite.swift (~> 0.12.2)
    - STRegex (~> 2.1)
  - STRegex (2.1.1)
  - SwiftRex (0.8.6)
  - SwiftUIVisualEffects (1.0.0.LOCAL)
  - TestingExtensions (0.2.7):
    - CombineRex (~> 0.8.6)
    - SnapshotTesting (~> 1.8.2)
    - SwiftRex (~> 0.8.6)

DEPENDENCIES:
  - BTree (~> 4.1.0)
  - CombineRex (~> 0.8.6)
  - CombineRextensions (from `https://github.com/DJBen/CombineRextensions.git`, branch `add-podspec`)
  - FlagKit
  - SatelliteCatalog (from `./SatelliteCatalog`)
  - SatelliteForcastCore (from `./SatelliteForcastCore`)
  - SatelliteKit (from `./SatelliteKit`)
  - StarryNight (from `./StarryNight`)
  - SwiftRex (~> 0.8.6)
  - SwiftUIVisualEffects (from `./SwiftUIVisualEffects`)
  - TestingExtensions (from `https://github.com/DJBen/TestingExtensions.git`, branch `add-podspec`)

SPEC REPOS:
  trunk:
    - BTree
    - CombineRex
    - FlagKit
    - SnapshotTesting
    - SQLite.swift
    - STRegex
    - SwiftRex

EXTERNAL SOURCES:
  CombineRextensions:
    :branch: add-podspec
    :git: https://github.com/DJBen/CombineRextensions.git
  SatelliteCatalog:
    :path: "./SatelliteCatalog"
  SatelliteForcastCore:
    :path: "./SatelliteForcastCore"
  SatelliteKit:
    :path: "./SatelliteKit"
  StarryNight:
    :path: "./StarryNight"
  SwiftUIVisualEffects:
    :path: "./SwiftUIVisualEffects"
  TestingExtensions:
    :branch: add-podspec
    :git: https://github.com/DJBen/TestingExtensions.git

CHECKOUT OPTIONS:
  CombineRextensions:
    :commit: fc00973c9309edc6369d5b2b597881a9c8a400ea
    :git: https://github.com/DJBen/CombineRextensions.git
  TestingExtensions:
    :commit: 9829dce246ec943c1034e8f12b5a89bf3497706b
    :git: https://github.com/DJBen/TestingExtensions.git

SPEC CHECKSUMS:
  BTree: 99b99930790b88dc5e8bafbf666a5dfb8d7808b4
  CombineRex: 8fa0193b70739542ba3ceaf7be7a586524509428
  CombineRextensions: 0771bb5dd2db8bc3a5a191ac361f045c574552ea
  FlagKit: eca7dc89064b0c986302ba9acefad1bf80a435b1
  SatelliteCatalog: 03261393572b58b64f8b26d3456c75953f288d1b
  SatelliteForcastCore: 9e3247d7e8c60c68eeea074f5cdfa59931ca21c2
  SatelliteKit: 56c2f87ceb711c89f976509af9040059058e8a51
  SnapshotTesting: 38947050d13960d57a4a9c166fcf51bca7d56970
  SQLite.swift: d2b4642190917051ce6bd1d49aab565fe794eea3
  StarryNight: 57aec7f59091bbbebab2471e391c19ba77b695d9
  STRegex: d49e88d0fe58538d3175fdd989bc1243b9be2a07
  SwiftRex: d2450a0555690b8b0f703260d3a8ffbc12edc218
  SwiftUIVisualEffects: 4e6f1fe8159a07e59eaf3918e5f8cd1fe52cadce
  TestingExtensions: a5591da2681222d3714684fcae6ca8560664c453

PODFILE CHECKSUM: 24e5d6d5c3baaa30bcc26cc9cad32159ed7c6d6b

COCOAPODS: 1.10.1
