PODS:
  - ActivityView (1.0.0.LOCAL)
  - BTree (4.1.0)
  - CombineRex (0.8.12):
    - SwiftRex (~> 0.8.12)
  - CombineRextensions (0.1.7):
    - CombineRex (~> 0.8.6)
  - CombineRexUtils (1.0.0.LOCAL):
    - CombineRex (~> 0.8.12)
  - CombineUtils (1.0.0.LOCAL)
  - FlagKit (2.2)
  - QSMag (1.0.0.LOCAL)
  - SatelliteCatalog (1.0.0.LOCAL):
    - SatelliteKit (= 1.0.0.LOCAL)
  - SatelliteCatalogImpl_SQLite (1.0.0.LOCAL):
    - SatelliteCatalog (= 1.0.0.LOCAL)
    - SQLite.swift (~> 0.12.2)
  - SatelliteForecast (1.0.0.LOCAL):
    - BTree (~> 4.1.0)
    - QSMag (= 1.0.0.LOCAL)
    - SatelliteCatalog (= 1.0.0.LOCAL)
    - SatelliteKit (= 1.0.0.LOCAL)
    - StarryNight (= 1.0.0.LOCAL)
  - SatelliteForecastImpl (1.0.0.LOCAL):
    - ActivityView (= 1.0.0.LOCAL)
    - BTree (~> 4.1.0)
    - CombineRex (= 0.8.12)
    - CombineRextensions
    - SatelliteCatalog (= 1.0.0.LOCAL)
    - SatelliteCatalogImpl_SQLite (= 1.0.0.LOCAL)
    - SatelliteForecast (= 1.0.0.LOCAL)
    - SatelliteKit (= 1.0.0.LOCAL)
    - SolarSystem (= 1.0.0.LOCAL)
    - StarryNight (= 1.0.0.LOCAL)
    - SwiftRex (= 0.8.12)
    - SwiftUIVisualEffects
  - SatelliteKit (1.0.0.LOCAL)
  - SecondaryTabView (1.0.0.LOCAL)
  - SnapshotTesting (1.8.2)
  - SolarSystem (1.0.0.LOCAL):
    - SatelliteKit (= 1.0.0.LOCAL)
  - SQLite.swift (0.12.2):
    - SQLite.swift/standard (= 0.12.2)
  - SQLite.swift/standard (0.12.2)
  - StarryNight (1.0.0.LOCAL):
    - SatelliteKit (= 1.0.0.LOCAL)
    - SQLite.swift (~> 0.12.2)
    - STRegex (~> 2.1)
  - STRegex (2.1.1)
  - SwiftRex (0.8.12)
  - SwiftUIVisualEffects (1.0.0.LOCAL)
  - TestingExtensions (0.2.12):
    - CombineRex (~> 0.8.12)
    - SnapshotTesting (~> 1.8.2)
    - SwiftRex (~> 0.8.12)

DEPENDENCIES:
  - ActivityView (from `Frameworks/ActivityView/Public`)
  - BTree (~> 4.1.0)
  - CombineRex (~> 0.8.12)
  - CombineRextensions
  - CombineRexUtils (from `Frameworks/CombineRexUtils`)
  - CombineUtils (from `Frameworks/CombineUtils`)
  - FlagKit
  - QSMag (from `Frameworks/QSMag`)
  - SatelliteCatalog (from `Frameworks/SatelliteCatalog/Public`)
  - SatelliteCatalogImpl_SQLite (from `Frameworks/SatelliteCatalog/Impl_SQLite`)
  - SatelliteForecast (from `Frameworks/SatelliteForecast/Public`)
  - SatelliteForecastImpl (from `Frameworks/SatelliteForecast/Impl`)
  - SatelliteKit (from `Frameworks/SatelliteKit`)
  - SecondaryTabView (from `Frameworks/SecondaryTabView`)
  - SolarSystem (from `Frameworks/SolarSystem`)
  - StarryNight (from `Frameworks/StarryNight`)
  - SwiftRex (~> 0.8.12)
  - SwiftUIVisualEffects (from `Frameworks/SwiftUIVisualEffects`)
  - TestingExtensions (~> 0.2.11)

SPEC REPOS:
  trunk:
    - BTree
    - CombineRex
    - CombineRextensions
    - FlagKit
    - SnapshotTesting
    - SQLite.swift
    - STRegex
    - SwiftRex
    - TestingExtensions

EXTERNAL SOURCES:
  ActivityView:
    :path: Frameworks/ActivityView/Public
  CombineRexUtils:
    :path: Frameworks/CombineRexUtils
  CombineUtils:
    :path: Frameworks/CombineUtils
  QSMag:
    :path: Frameworks/QSMag
  SatelliteCatalog:
    :path: Frameworks/SatelliteCatalog/Public
  SatelliteCatalogImpl_SQLite:
    :path: Frameworks/SatelliteCatalog/Impl_SQLite
  SatelliteForecast:
    :path: Frameworks/SatelliteForecast/Public
  SatelliteForecastImpl:
    :path: Frameworks/SatelliteForecast/Impl
  SatelliteKit:
    :path: Frameworks/SatelliteKit
  SecondaryTabView:
    :path: Frameworks/SecondaryTabView
  SolarSystem:
    :path: Frameworks/SolarSystem
  StarryNight:
    :path: Frameworks/StarryNight
  SwiftUIVisualEffects:
    :path: Frameworks/SwiftUIVisualEffects

SPEC CHECKSUMS:
  ActivityView: 39ecc1b4824051660f9cf63f03d051d780c0fee5
  BTree: 99b99930790b88dc5e8bafbf666a5dfb8d7808b4
  CombineRex: eca784a8f3fe791bb153e7401a2a272c005d9881
  CombineRextensions: f334525cda6b04493782e80491b1aa45c4429f13
  CombineRexUtils: 731ee3e4dbb416279664b6876449ed7964099a90
  CombineUtils: c9607fcf2487e18c19d4e023f86a018d4f8b7807
  FlagKit: eca7dc89064b0c986302ba9acefad1bf80a435b1
  QSMag: 5a944b9b2392dac7ba1626a70a94be337db49732
  SatelliteCatalog: 132031627b4f096d1f2a16d169286faae121c0cc
  SatelliteCatalogImpl_SQLite: 33b833c3dc7482f1acdcb167e7cb203137c940d3
  SatelliteForecast: 7c37fa5ed3552cfe64ea0cf999e5f64c3be40b1f
  SatelliteForecastImpl: b1829e7de6ae33983b654e99cf28dafa83cc3ef9
  SatelliteKit: 53e267558b0bd35f1be23f4dfa022b4503aa0226
  SecondaryTabView: 6b413852af90f4e37cf6dab79c38cfeb20a53dd9
  SnapshotTesting: 38947050d13960d57a4a9c166fcf51bca7d56970
  SolarSystem: 2357ba7d4cf1073a87368a783c819322eea185e3
  SQLite.swift: d2b4642190917051ce6bd1d49aab565fe794eea3
  StarryNight: 4cecdd344ee93f3a82aff6e0a52ff5c045bb4207
  STRegex: d49e88d0fe58538d3175fdd989bc1243b9be2a07
  SwiftRex: 427d06d912bf208c55d54d3fcc5a003d420630c6
  SwiftUIVisualEffects: 4b341110ba61926c0287feef7b09b49fc0e7fac3
  TestingExtensions: b1b5ab833b29dad598b1450aec84a36bbe0da326

PODFILE CHECKSUM: 1edcaee01a305825571e16fded3a0c8f18c09aa3

COCOAPODS: 1.11.3
