// !$*UTF8*$!
{
	archiveVersion = 1;
	classes = {
	};
	objectVersion = 52;
	objects = {

/* Begin PBXBuildFile section */
		EF4AF7602663DA6900D28F47 /* CombineRex in Frameworks */ = {isa = PBXBuildFile; productRef = EF4AF75F2663DA6900D28F47 /* CombineRex */; };
		EF4AF7632663DB2000D28F47 /* ASCollectionView in Frameworks */ = {isa = PBXBuildFile; productRef = EF4AF7622663DB2000D28F47 /* ASCollectionView */; };
		EF4AF7662663DB4200D28F47 /* SatelliteKit in Frameworks */ = {isa = PBXBuildFile; productRef = EF4AF7652663DB4200D28F47 /* SatelliteKit */; };
		EF4AF76C266434CC00D28F47 /* SkyChart.swift in Sources */ = {isa = PBXBuildFile; fileRef = EF4AF76B266434CC00D28F47 /* SkyChart.swift */; };
		EF4AF76D266434CC00D28F47 /* SkyChart.swift in Sources */ = {isa = PBXBuildFile; fileRef = EF4AF76B266434CC00D28F47 /* SkyChart.swift */; };
		EF7A311C266AEE7C00CC33C0 /* CombineRextensions in Frameworks */ = {isa = PBXBuildFile; productRef = EF7A311B266AEE7C00CC33C0 /* CombineRextensions */; };
		EF7A311E266AFBF800CC33C0 /* Store.swift in Sources */ = {isa = PBXBuildFile; fileRef = EF7A311D266AFBF800CC33C0 /* Store.swift */; };
		EF7A311F266AFBF800CC33C0 /* Store.swift in Sources */ = {isa = PBXBuildFile; fileRef = EF7A311D266AFBF800CC33C0 /* Store.swift */; };
		EF9D82962661BBF100616C97 /* Tests_iOS.swift in Sources */ = {isa = PBXBuildFile; fileRef = EF9D82952661BBF100616C97 /* Tests_iOS.swift */; };
		EF9D82A12661BBF100616C97 /* Tests_macOS.swift in Sources */ = {isa = PBXBuildFile; fileRef = EF9D82A02661BBF100616C97 /* Tests_macOS.swift */; };
		EF9D82A32661BBF100616C97 /* SatelliteForcastApp.swift in Sources */ = {isa = PBXBuildFile; fileRef = EF9D827A2661BBF000616C97 /* SatelliteForcastApp.swift */; };
		EF9D82A42661BBF100616C97 /* SatelliteForcastApp.swift in Sources */ = {isa = PBXBuildFile; fileRef = EF9D827A2661BBF000616C97 /* SatelliteForcastApp.swift */; };
		EF9D82A52661BBF100616C97 /* ContentView.swift in Sources */ = {isa = PBXBuildFile; fileRef = EF9D827B2661BBF000616C97 /* ContentView.swift */; };
		EF9D82A62661BBF100616C97 /* ContentView.swift in Sources */ = {isa = PBXBuildFile; fileRef = EF9D827B2661BBF000616C97 /* ContentView.swift */; };
		EF9D82A72661BBF100616C97 /* Assets.xcassets in Resources */ = {isa = PBXBuildFile; fileRef = EF9D827C2661BBF000616C97 /* Assets.xcassets */; };
		EF9D82A82661BBF100616C97 /* Assets.xcassets in Resources */ = {isa = PBXBuildFile; fileRef = EF9D827C2661BBF000616C97 /* Assets.xcassets */; };
		EF9D82F426622E6E00616C97 /* SatelliteWidgetViewModel.swift in Sources */ = {isa = PBXBuildFile; fileRef = EF9D82F326622E6E00616C97 /* SatelliteWidgetViewModel.swift */; };
		EF9D82F526622E6E00616C97 /* SatelliteWidgetViewModel.swift in Sources */ = {isa = PBXBuildFile; fileRef = EF9D82F326622E6E00616C97 /* SatelliteWidgetViewModel.swift */; };
		EFAE1EAB2664FEEF00A18A42 /* SQLite in Frameworks */ = {isa = PBXBuildFile; productRef = EFAE1EAA2664FEEF00A18A42 /* SQLite */; };
		EFAE1EC8266502EE00A18A42 /* Regex in Frameworks */ = {isa = PBXBuildFile; productRef = EFAE1EC7266502EE00A18A42 /* Regex */; };
		EFAE1EE7266862B500A18A42 /* SatelliteForcastCore.framework in Frameworks */ = {isa = PBXBuildFile; fileRef = EFAE1EDE266862B400A18A42 /* SatelliteForcastCore.framework */; };
		EFAE1EEE266862B500A18A42 /* AstroAlgorithmsTests.swift in Sources */ = {isa = PBXBuildFile; fileRef = EFAE1EED266862B500A18A42 /* AstroAlgorithmsTests.swift */; };
		EFAE1EF0266862B500A18A42 /* SatelliteForcastCore.h in Headers */ = {isa = PBXBuildFile; fileRef = EFAE1EE0266862B400A18A42 /* SatelliteForcastCore.h */; settings = {ATTRIBUTES = (Public, ); }; };
		EFAE1EF3266862B500A18A42 /* SatelliteForcastCore.framework in Frameworks */ = {isa = PBXBuildFile; fileRef = EFAE1EDE266862B400A18A42 /* SatelliteForcastCore.framework */; };
		EFAE1EF4266862B500A18A42 /* SatelliteForcastCore.framework in Embed Frameworks */ = {isa = PBXBuildFile; fileRef = EFAE1EDE266862B400A18A42 /* SatelliteForcastCore.framework */; settings = {ATTRIBUTES = (CodeSignOnCopy, RemoveHeadersOnCopy, ); }; };
		EFAE1EFE266863BE00A18A42 /* AstroAlgorithms.swift in Sources */ = {isa = PBXBuildFile; fileRef = EFAE1EFD266863BE00A18A42 /* AstroAlgorithms.swift */; };
		EFAE1F002668641200A18A42 /* SatelliteKit in Frameworks */ = {isa = PBXBuildFile; productRef = EFAE1EFF2668641200A18A42 /* SatelliteKit */; };
		EFAE1F0626686CCF00A18A42 /* MathUtil.swift in Sources */ = {isa = PBXBuildFile; fileRef = EFAE1F0526686CCF00A18A42 /* MathUtil.swift */; };
		EFAE1F0826686E5900A18A42 /* SatelliteSnapshot.swift in Sources */ = {isa = PBXBuildFile; fileRef = EFAE1F0726686E5900A18A42 /* SatelliteSnapshot.swift */; };
		EFAE1F0C2668B10F00A18A42 /* SatelliteElevationGraph.swift in Sources */ = {isa = PBXBuildFile; fileRef = EFAE1F0B2668B10F00A18A42 /* SatelliteElevationGraph.swift */; };
		EFAE1F0D2668B10F00A18A42 /* SatelliteElevationGraph.swift in Sources */ = {isa = PBXBuildFile; fileRef = EFAE1F0B2668B10F00A18A42 /* SatelliteElevationGraph.swift */; };
		EFAE1F0E2668B23E00A18A42 /* TLE+Convenience.swift in Sources */ = {isa = PBXBuildFile; fileRef = EF4AF7672663DB7D00D28F47 /* TLE+Convenience.swift */; };
		EFAE1F132669E7A800A18A42 /* SunlightIndicator.swift in Sources */ = {isa = PBXBuildFile; fileRef = EFAE1F122669E7A800A18A42 /* SunlightIndicator.swift */; };
		EFAE1F142669E7A800A18A42 /* SunlightIndicator.swift in Sources */ = {isa = PBXBuildFile; fileRef = EFAE1F122669E7A800A18A42 /* SunlightIndicator.swift */; };
		EFAE1F2B266A0D9F00A18A42 /* StarryNight.framework in Frameworks */ = {isa = PBXBuildFile; fileRef = EFAE1F22266A0D9F00A18A42 /* StarryNight.framework */; };
		EFAE1F34266A0D9F00A18A42 /* StarryNight.h in Headers */ = {isa = PBXBuildFile; fileRef = EFAE1F24266A0D9F00A18A42 /* StarryNight.h */; settings = {ATTRIBUTES = (Public, ); }; };
		EFAE1F37266A0D9F00A18A42 /* StarryNight.framework in Frameworks */ = {isa = PBXBuildFile; fileRef = EFAE1F22266A0D9F00A18A42 /* StarryNight.framework */; };
		EFAE1F38266A0D9F00A18A42 /* StarryNight.framework in Embed Frameworks */ = {isa = PBXBuildFile; fileRef = EFAE1F22266A0D9F00A18A42 /* StarryNight.framework */; settings = {ATTRIBUTES = (CodeSignOnCopy, RemoveHeadersOnCopy, ); }; };
		EFAE1F3F266A0DA700A18A42 /* StarryNight.swift in Sources */ = {isa = PBXBuildFile; fileRef = EFAE1EC32664FF4800A18A42 /* StarryNight.swift */; };
		EFAE1F40266A0DA700A18A42 /* Constellation+Display.swift in Sources */ = {isa = PBXBuildFile; fileRef = EFAE1EC92666228D00A18A42 /* Constellation+Display.swift */; };
		EFAE1F41266A0DA700A18A42 /* SpectralType.swift in Sources */ = {isa = PBXBuildFile; fileRef = EFAE1EAE2664FF0400A18A42 /* SpectralType.swift */; };
		EFAE1F42266A0DA700A18A42 /* BayerFlamsteed.swift in Sources */ = {isa = PBXBuildFile; fileRef = EFAE1EB02664FF0400A18A42 /* BayerFlamsteed.swift */; };
		EFAE1F43266A0DA700A18A42 /* Star.swift in Sources */ = {isa = PBXBuildFile; fileRef = EFAE1EB42664FF0400A18A42 /* Star.swift */; };
		EFAE1F44266A0DA700A18A42 /* Constellation.swift in Sources */ = {isa = PBXBuildFile; fileRef = EFAE1EAD2664FF0400A18A42 /* Constellation.swift */; };
		EFAE1F46266A0DD300A18A42 /* SQLite in Frameworks */ = {isa = PBXBuildFile; productRef = EFAE1F45266A0DD300A18A42 /* SQLite */; };
		EFAE1F48266A0DD300A18A42 /* Regex in Frameworks */ = {isa = PBXBuildFile; productRef = EFAE1F47266A0DD300A18A42 /* Regex */; };
		EFAE1F4D266A0E1200A18A42 /* BayerFlamsteedTest.swift in Sources */ = {isa = PBXBuildFile; fileRef = EFAE1F49266A0E1200A18A42 /* BayerFlamsteedTest.swift */; };
		EFAE1F4E266A0E1200A18A42 /* SpectralTypeTest.swift in Sources */ = {isa = PBXBuildFile; fileRef = EFAE1F4A266A0E1200A18A42 /* SpectralTypeTest.swift */; };
		EFAE1F4F266A0E1200A18A42 /* StarTest.swift in Sources */ = {isa = PBXBuildFile; fileRef = EFAE1F4B266A0E1200A18A42 /* StarTest.swift */; };
		EFAE1F50266A0E1200A18A42 /* ConstellationTest.swift in Sources */ = {isa = PBXBuildFile; fileRef = EFAE1F4C266A0E1200A18A42 /* ConstellationTest.swift */; };
		EFAE1F52266A0E4600A18A42 /* SatelliteKit in Frameworks */ = {isa = PBXBuildFile; productRef = EFAE1F51266A0E4600A18A42 /* SatelliteKit */; };
		EFAE1F59266A0FDD00A18A42 /* constellation_lines.dat in Resources */ = {isa = PBXBuildFile; fileRef = EFAE1EB22664FF0400A18A42 /* constellation_lines.dat */; };
		EFAE1F5A266A0FDD00A18A42 /* stars.sqlite3 in Resources */ = {isa = PBXBuildFile; fileRef = EFAE1EB32664FF0400A18A42 /* stars.sqlite3 */; };
		EFAE1F5C266A1A5000A18A42 /* Satellite+Convenience.swift in Sources */ = {isa = PBXBuildFile; fileRef = EFAE1F5B266A1A5000A18A42 /* Satellite+Convenience.swift */; };
		EFAE1F5E266A1D1700A18A42 /* Loadable.swift in Sources */ = {isa = PBXBuildFile; fileRef = EFAE1F5D266A1D1700A18A42 /* Loadable.swift */; };
		EFAE1F60266A1FCB00A18A42 /* Astronomy+Convenience.swift in Sources */ = {isa = PBXBuildFile; fileRef = EFAE1F5F266A1FCB00A18A42 /* Astronomy+Convenience.swift */; };
/* End PBXBuildFile section */

/* Begin PBXContainerItemProxy section */
		EF9D82922661BBF100616C97 /* PBXContainerItemProxy */ = {
			isa = PBXContainerItemProxy;
			containerPortal = EF9D82752661BBEF00616C97 /* Project object */;
			proxyType = 1;
			remoteGlobalIDString = EF9D82802661BBF000616C97;
			remoteInfo = "SatelliteForcast (iOS)";
		};
		EF9D829D2661BBF100616C97 /* PBXContainerItemProxy */ = {
			isa = PBXContainerItemProxy;
			containerPortal = EF9D82752661BBEF00616C97 /* Project object */;
			proxyType = 1;
			remoteGlobalIDString = EF9D82882661BBF000616C97;
			remoteInfo = "SatelliteForcast (macOS)";
		};
		EFAE1EE8266862B500A18A42 /* PBXContainerItemProxy */ = {
			isa = PBXContainerItemProxy;
			containerPortal = EF9D82752661BBEF00616C97 /* Project object */;
			proxyType = 1;
			remoteGlobalIDString = EFAE1EDD266862B400A18A42;
			remoteInfo = SatelliteForcastCore;
		};
		EFAE1EF1266862B500A18A42 /* PBXContainerItemProxy */ = {
			isa = PBXContainerItemProxy;
			containerPortal = EF9D82752661BBEF00616C97 /* Project object */;
			proxyType = 1;
			remoteGlobalIDString = EFAE1EDD266862B400A18A42;
			remoteInfo = SatelliteForcastCore;
		};
		EFAE1F2C266A0D9F00A18A42 /* PBXContainerItemProxy */ = {
			isa = PBXContainerItemProxy;
			containerPortal = EF9D82752661BBEF00616C97 /* Project object */;
			proxyType = 1;
			remoteGlobalIDString = EFAE1F21266A0D9F00A18A42;
			remoteInfo = StarryNight;
		};
		EFAE1F35266A0D9F00A18A42 /* PBXContainerItemProxy */ = {
			isa = PBXContainerItemProxy;
			containerPortal = EF9D82752661BBEF00616C97 /* Project object */;
			proxyType = 1;
			remoteGlobalIDString = EFAE1F21266A0D9F00A18A42;
			remoteInfo = StarryNight;
		};
/* End PBXContainerItemProxy section */

/* Begin PBXCopyFilesBuildPhase section */
		EFAE1EF5266862B500A18A42 /* Embed Frameworks */ = {
			isa = PBXCopyFilesBuildPhase;
			buildActionMask = 2147483647;
			dstPath = "";
			dstSubfolderSpec = 10;
			files = (
				EFAE1F38266A0D9F00A18A42 /* StarryNight.framework in Embed Frameworks */,
				EFAE1EF4266862B500A18A42 /* SatelliteForcastCore.framework in Embed Frameworks */,
			);
			name = "Embed Frameworks";
			runOnlyForDeploymentPostprocessing = 0;
		};
/* End PBXCopyFilesBuildPhase section */

/* Begin PBXFileReference section */
		EF4AF7672663DB7D00D28F47 /* TLE+Convenience.swift */ = {isa = PBXFileReference; lastKnownFileType = sourcecode.swift; path = "TLE+Convenience.swift"; sourceTree = "<group>"; };
		EF4AF76B266434CC00D28F47 /* SkyChart.swift */ = {isa = PBXFileReference; lastKnownFileType = sourcecode.swift; path = SkyChart.swift; sourceTree = "<group>"; };
		EF7A311D266AFBF800CC33C0 /* Store.swift */ = {isa = PBXFileReference; lastKnownFileType = sourcecode.swift; path = Store.swift; sourceTree = "<group>"; };
		EF9D827A2661BBF000616C97 /* SatelliteForcastApp.swift */ = {isa = PBXFileReference; lastKnownFileType = sourcecode.swift; path = SatelliteForcastApp.swift; sourceTree = "<group>"; };
		EF9D827B2661BBF000616C97 /* ContentView.swift */ = {isa = PBXFileReference; lastKnownFileType = sourcecode.swift; path = ContentView.swift; sourceTree = "<group>"; };
		EF9D827C2661BBF000616C97 /* Assets.xcassets */ = {isa = PBXFileReference; lastKnownFileType = folder.assetcatalog; path = Assets.xcassets; sourceTree = "<group>"; };
		EF9D82812661BBF000616C97 /* SatelliteForcast.app */ = {isa = PBXFileReference; explicitFileType = wrapper.application; includeInIndex = 0; path = SatelliteForcast.app; sourceTree = BUILT_PRODUCTS_DIR; };
		EF9D82842661BBF000616C97 /* Info.plist */ = {isa = PBXFileReference; lastKnownFileType = text.plist.xml; path = Info.plist; sourceTree = "<group>"; };
		EF9D82892661BBF000616C97 /* SatelliteForcast.app */ = {isa = PBXFileReference; explicitFileType = wrapper.application; includeInIndex = 0; path = SatelliteForcast.app; sourceTree = BUILT_PRODUCTS_DIR; };
		EF9D828B2661BBF000616C97 /* Info.plist */ = {isa = PBXFileReference; lastKnownFileType = text.plist.xml; path = Info.plist; sourceTree = "<group>"; };
		EF9D828C2661BBF000616C97 /* macOS.entitlements */ = {isa = PBXFileReference; lastKnownFileType = text.plist.entitlements; path = macOS.entitlements; sourceTree = "<group>"; };
		EF9D82912661BBF100616C97 /* Tests iOS.xctest */ = {isa = PBXFileReference; explicitFileType = wrapper.cfbundle; includeInIndex = 0; path = "Tests iOS.xctest"; sourceTree = BUILT_PRODUCTS_DIR; };
		EF9D82952661BBF100616C97 /* Tests_iOS.swift */ = {isa = PBXFileReference; lastKnownFileType = sourcecode.swift; path = Tests_iOS.swift; sourceTree = "<group>"; };
		EF9D82972661BBF100616C97 /* Info.plist */ = {isa = PBXFileReference; lastKnownFileType = text.plist.xml; path = Info.plist; sourceTree = "<group>"; };
		EF9D829C2661BBF100616C97 /* Tests macOS.xctest */ = {isa = PBXFileReference; explicitFileType = wrapper.cfbundle; includeInIndex = 0; path = "Tests macOS.xctest"; sourceTree = BUILT_PRODUCTS_DIR; };
		EF9D82A02661BBF100616C97 /* Tests_macOS.swift */ = {isa = PBXFileReference; lastKnownFileType = sourcecode.swift; path = Tests_macOS.swift; sourceTree = "<group>"; };
		EF9D82A22661BBF100616C97 /* Info.plist */ = {isa = PBXFileReference; lastKnownFileType = text.plist.xml; path = Info.plist; sourceTree = "<group>"; };
		EF9D82F326622E6E00616C97 /* SatelliteWidgetViewModel.swift */ = {isa = PBXFileReference; lastKnownFileType = sourcecode.swift; path = SatelliteWidgetViewModel.swift; sourceTree = "<group>"; };
		EFAE1EAD2664FF0400A18A42 /* Constellation.swift */ = {isa = PBXFileReference; fileEncoding = 4; lastKnownFileType = sourcecode.swift; path = Constellation.swift; sourceTree = "<group>"; };
		EFAE1EAE2664FF0400A18A42 /* SpectralType.swift */ = {isa = PBXFileReference; fileEncoding = 4; lastKnownFileType = sourcecode.swift; path = SpectralType.swift; sourceTree = "<group>"; };
		EFAE1EB02664FF0400A18A42 /* BayerFlamsteed.swift */ = {isa = PBXFileReference; fileEncoding = 4; lastKnownFileType = sourcecode.swift; path = BayerFlamsteed.swift; sourceTree = "<group>"; };
		EFAE1EB22664FF0400A18A42 /* constellation_lines.dat */ = {isa = PBXFileReference; fileEncoding = 4; lastKnownFileType = text; path = constellation_lines.dat; sourceTree = "<group>"; };
		EFAE1EB32664FF0400A18A42 /* stars.sqlite3 */ = {isa = PBXFileReference; lastKnownFileType = file; path = stars.sqlite3; sourceTree = "<group>"; };
		EFAE1EB42664FF0400A18A42 /* Star.swift */ = {isa = PBXFileReference; fileEncoding = 4; lastKnownFileType = sourcecode.swift; path = Star.swift; sourceTree = "<group>"; };
		EFAE1EC32664FF4800A18A42 /* StarryNight.swift */ = {isa = PBXFileReference; fileEncoding = 4; lastKnownFileType = sourcecode.swift; path = StarryNight.swift; sourceTree = "<group>"; };
		EFAE1EC92666228D00A18A42 /* Constellation+Display.swift */ = {isa = PBXFileReference; fileEncoding = 4; lastKnownFileType = sourcecode.swift; path = "Constellation+Display.swift"; sourceTree = "<group>"; };
		EFAE1EDE266862B400A18A42 /* SatelliteForcastCore.framework */ = {isa = PBXFileReference; explicitFileType = wrapper.framework; includeInIndex = 0; path = SatelliteForcastCore.framework; sourceTree = BUILT_PRODUCTS_DIR; };
		EFAE1EE0266862B400A18A42 /* SatelliteForcastCore.h */ = {isa = PBXFileReference; lastKnownFileType = sourcecode.c.h; path = SatelliteForcastCore.h; sourceTree = "<group>"; };
		EFAE1EE1266862B400A18A42 /* Info.plist */ = {isa = PBXFileReference; lastKnownFileType = text.plist.xml; path = Info.plist; sourceTree = "<group>"; };
		EFAE1EE6266862B500A18A42 /* SatelliteForcastCoreTests.xctest */ = {isa = PBXFileReference; explicitFileType = wrapper.cfbundle; includeInIndex = 0; path = SatelliteForcastCoreTests.xctest; sourceTree = BUILT_PRODUCTS_DIR; };
		EFAE1EED266862B500A18A42 /* AstroAlgorithmsTests.swift */ = {isa = PBXFileReference; lastKnownFileType = sourcecode.swift; path = AstroAlgorithmsTests.swift; sourceTree = "<group>"; };
		EFAE1EEF266862B500A18A42 /* Info.plist */ = {isa = PBXFileReference; lastKnownFileType = text.plist.xml; path = Info.plist; sourceTree = "<group>"; };
		EFAE1EFD266863BE00A18A42 /* AstroAlgorithms.swift */ = {isa = PBXFileReference; lastKnownFileType = sourcecode.swift; path = AstroAlgorithms.swift; sourceTree = "<group>"; };
		EFAE1F0526686CCF00A18A42 /* MathUtil.swift */ = {isa = PBXFileReference; fileEncoding = 4; lastKnownFileType = sourcecode.swift; path = MathUtil.swift; sourceTree = "<group>"; };
		EFAE1F0726686E5900A18A42 /* SatelliteSnapshot.swift */ = {isa = PBXFileReference; lastKnownFileType = sourcecode.swift; path = SatelliteSnapshot.swift; sourceTree = "<group>"; };
		EFAE1F0B2668B10F00A18A42 /* SatelliteElevationGraph.swift */ = {isa = PBXFileReference; lastKnownFileType = sourcecode.swift; path = SatelliteElevationGraph.swift; sourceTree = "<group>"; };
		EFAE1F122669E7A800A18A42 /* SunlightIndicator.swift */ = {isa = PBXFileReference; lastKnownFileType = sourcecode.swift; path = SunlightIndicator.swift; sourceTree = "<group>"; };
		EFAE1F22266A0D9F00A18A42 /* StarryNight.framework */ = {isa = PBXFileReference; explicitFileType = wrapper.framework; includeInIndex = 0; path = StarryNight.framework; sourceTree = BUILT_PRODUCTS_DIR; };
		EFAE1F24266A0D9F00A18A42 /* StarryNight.h */ = {isa = PBXFileReference; lastKnownFileType = sourcecode.c.h; path = StarryNight.h; sourceTree = "<group>"; };
		EFAE1F25266A0D9F00A18A42 /* Info.plist */ = {isa = PBXFileReference; lastKnownFileType = text.plist.xml; path = Info.plist; sourceTree = "<group>"; };
		EFAE1F2A266A0D9F00A18A42 /* StarryNightTests.xctest */ = {isa = PBXFileReference; explicitFileType = wrapper.cfbundle; includeInIndex = 0; path = StarryNightTests.xctest; sourceTree = BUILT_PRODUCTS_DIR; };
		EFAE1F33266A0D9F00A18A42 /* Info.plist */ = {isa = PBXFileReference; lastKnownFileType = text.plist.xml; path = Info.plist; sourceTree = "<group>"; };
		EFAE1F49266A0E1200A18A42 /* BayerFlamsteedTest.swift */ = {isa = PBXFileReference; fileEncoding = 4; lastKnownFileType = sourcecode.swift; path = BayerFlamsteedTest.swift; sourceTree = "<group>"; };
		EFAE1F4A266A0E1200A18A42 /* SpectralTypeTest.swift */ = {isa = PBXFileReference; fileEncoding = 4; lastKnownFileType = sourcecode.swift; path = SpectralTypeTest.swift; sourceTree = "<group>"; };
		EFAE1F4B266A0E1200A18A42 /* StarTest.swift */ = {isa = PBXFileReference; fileEncoding = 4; lastKnownFileType = sourcecode.swift; path = StarTest.swift; sourceTree = "<group>"; };
		EFAE1F4C266A0E1200A18A42 /* ConstellationTest.swift */ = {isa = PBXFileReference; fileEncoding = 4; lastKnownFileType = sourcecode.swift; path = ConstellationTest.swift; sourceTree = "<group>"; };
		EFAE1F5B266A1A5000A18A42 /* Satellite+Convenience.swift */ = {isa = PBXFileReference; lastKnownFileType = sourcecode.swift; path = "Satellite+Convenience.swift"; sourceTree = "<group>"; };
		EFAE1F5D266A1D1700A18A42 /* Loadable.swift */ = {isa = PBXFileReference; lastKnownFileType = sourcecode.swift; path = Loadable.swift; sourceTree = "<group>"; };
		EFAE1F5F266A1FCB00A18A42 /* Astronomy+Convenience.swift */ = {isa = PBXFileReference; lastKnownFileType = sourcecode.swift; path = "Astronomy+Convenience.swift"; sourceTree = "<group>"; };
/* End PBXFileReference section */

/* Begin PBXFrameworksBuildPhase section */
		EF9D827E2661BBF000616C97 /* Frameworks */ = {
			isa = PBXFrameworksBuildPhase;
			buildActionMask = 2147483647;
			files = (
				EFAE1EF3266862B500A18A42 /* SatelliteForcastCore.framework in Frameworks */,
				EF7A311C266AEE7C00CC33C0 /* CombineRextensions in Frameworks */,
				EFAE1EAB2664FEEF00A18A42 /* SQLite in Frameworks */,
				EF4AF7602663DA6900D28F47 /* CombineRex in Frameworks */,
				EFAE1EC8266502EE00A18A42 /* Regex in Frameworks */,
				EF4AF7632663DB2000D28F47 /* ASCollectionView in Frameworks */,
				EFAE1F37266A0D9F00A18A42 /* StarryNight.framework in Frameworks */,
				EF4AF7662663DB4200D28F47 /* SatelliteKit in Frameworks */,
			);
			runOnlyForDeploymentPostprocessing = 0;
		};
		EF9D82862661BBF000616C97 /* Frameworks */ = {
			isa = PBXFrameworksBuildPhase;
			buildActionMask = 2147483647;
			files = (
			);
			runOnlyForDeploymentPostprocessing = 0;
		};
		EF9D828E2661BBF000616C97 /* Frameworks */ = {
			isa = PBXFrameworksBuildPhase;
			buildActionMask = 2147483647;
			files = (
			);
			runOnlyForDeploymentPostprocessing = 0;
		};
		EF9D82992661BBF100616C97 /* Frameworks */ = {
			isa = PBXFrameworksBuildPhase;
			buildActionMask = 2147483647;
			files = (
			);
			runOnlyForDeploymentPostprocessing = 0;
		};
		EFAE1EDB266862B400A18A42 /* Frameworks */ = {
			isa = PBXFrameworksBuildPhase;
			buildActionMask = 2147483647;
			files = (
				EFAE1F002668641200A18A42 /* SatelliteKit in Frameworks */,
			);
			runOnlyForDeploymentPostprocessing = 0;
		};
		EFAE1EE3266862B500A18A42 /* Frameworks */ = {
			isa = PBXFrameworksBuildPhase;
			buildActionMask = 2147483647;
			files = (
				EFAE1EE7266862B500A18A42 /* SatelliteForcastCore.framework in Frameworks */,
			);
			runOnlyForDeploymentPostprocessing = 0;
		};
		EFAE1F1F266A0D9F00A18A42 /* Frameworks */ = {
			isa = PBXFrameworksBuildPhase;
			buildActionMask = 2147483647;
			files = (
				EFAE1F52266A0E4600A18A42 /* SatelliteKit in Frameworks */,
				EFAE1F48266A0DD300A18A42 /* Regex in Frameworks */,
				EFAE1F46266A0DD300A18A42 /* SQLite in Frameworks */,
			);
			runOnlyForDeploymentPostprocessing = 0;
		};
		EFAE1F27266A0D9F00A18A42 /* Frameworks */ = {
			isa = PBXFrameworksBuildPhase;
			buildActionMask = 2147483647;
			files = (
				EFAE1F2B266A0D9F00A18A42 /* StarryNight.framework in Frameworks */,
			);
			runOnlyForDeploymentPostprocessing = 0;
		};
/* End PBXFrameworksBuildPhase section */

/* Begin PBXGroup section */
		EC932DBEBD7F42A47E1A7B1F /* Frameworks */ = {
			isa = PBXGroup;
			children = (
			);
			name = Frameworks;
			sourceTree = "<group>";
		};
		EF4AF76A266434A500D28F47 /* UI */ = {
			isa = PBXGroup;
			children = (
				EF4AF76B266434CC00D28F47 /* SkyChart.swift */,
				EFAE1F0B2668B10F00A18A42 /* SatelliteElevationGraph.swift */,
				EFAE1F122669E7A800A18A42 /* SunlightIndicator.swift */,
			);
			path = UI;
			sourceTree = "<group>";
		};
		EF9D82742661BBEF00616C97 = {
			isa = PBXGroup;
			children = (
				EF9D82792661BBEF00616C97 /* Shared */,
				EF9D82832661BBF000616C97 /* iOS */,
				EF9D828A2661BBF000616C97 /* macOS */,
				EF9D82942661BBF100616C97 /* Tests iOS */,
				EF9D829F2661BBF100616C97 /* Tests macOS */,
				EFAE1EDF266862B400A18A42 /* SatelliteForcastCore */,
				EFAE1EEC266862B500A18A42 /* SatelliteForcastCoreTests */,
				EFAE1F23266A0D9F00A18A42 /* StarryNight */,
				EFAE1F30266A0D9F00A18A42 /* StarryNightTests */,
				EF9D82822661BBF000616C97 /* Products */,
				EC932DBEBD7F42A47E1A7B1F /* Frameworks */,
			);
			sourceTree = "<group>";
		};
		EF9D82792661BBEF00616C97 /* Shared */ = {
			isa = PBXGroup;
			children = (
				EF4AF76A266434A500D28F47 /* UI */,
				EF9D82F226622E3F00616C97 /* View Models */,
				EF9D827A2661BBF000616C97 /* SatelliteForcastApp.swift */,
				EF7A311D266AFBF800CC33C0 /* Store.swift */,
				EF9D827B2661BBF000616C97 /* ContentView.swift */,
				EF9D827C2661BBF000616C97 /* Assets.xcassets */,
			);
			path = Shared;
			sourceTree = "<group>";
		};
		EF9D82822661BBF000616C97 /* Products */ = {
			isa = PBXGroup;
			children = (
				EF9D82812661BBF000616C97 /* SatelliteForcast.app */,
				EF9D82892661BBF000616C97 /* SatelliteForcast.app */,
				EF9D82912661BBF100616C97 /* Tests iOS.xctest */,
				EF9D829C2661BBF100616C97 /* Tests macOS.xctest */,
				EFAE1EDE266862B400A18A42 /* SatelliteForcastCore.framework */,
				EFAE1EE6266862B500A18A42 /* SatelliteForcastCoreTests.xctest */,
				EFAE1F22266A0D9F00A18A42 /* StarryNight.framework */,
				EFAE1F2A266A0D9F00A18A42 /* StarryNightTests.xctest */,
			);
			name = Products;
			sourceTree = "<group>";
		};
		EF9D82832661BBF000616C97 /* iOS */ = {
			isa = PBXGroup;
			children = (
				EF9D82842661BBF000616C97 /* Info.plist */,
			);
			path = iOS;
			sourceTree = "<group>";
		};
		EF9D828A2661BBF000616C97 /* macOS */ = {
			isa = PBXGroup;
			children = (
				EF9D828B2661BBF000616C97 /* Info.plist */,
				EF9D828C2661BBF000616C97 /* macOS.entitlements */,
			);
			path = macOS;
			sourceTree = "<group>";
		};
		EF9D82942661BBF100616C97 /* Tests iOS */ = {
			isa = PBXGroup;
			children = (
				EF9D82952661BBF100616C97 /* Tests_iOS.swift */,
				EF9D82972661BBF100616C97 /* Info.plist */,
			);
			path = "Tests iOS";
			sourceTree = "<group>";
		};
		EF9D829F2661BBF100616C97 /* Tests macOS */ = {
			isa = PBXGroup;
			children = (
				EF9D82A02661BBF100616C97 /* Tests_macOS.swift */,
				EF9D82A22661BBF100616C97 /* Info.plist */,
			);
			path = "Tests macOS";
			sourceTree = "<group>";
		};
		EF9D82F226622E3F00616C97 /* View Models */ = {
			isa = PBXGroup;
			children = (
				EF9D82F326622E6E00616C97 /* SatelliteWidgetViewModel.swift */,
			);
			path = "View Models";
			sourceTree = "<group>";
		};
		EFAE1EB12664FF0400A18A42 /* Fixtures */ = {
			isa = PBXGroup;
			children = (
				EFAE1EB22664FF0400A18A42 /* constellation_lines.dat */,
				EFAE1EB32664FF0400A18A42 /* stars.sqlite3 */,
			);
			path = Fixtures;
			sourceTree = "<group>";
		};
		EFAE1EDF266862B400A18A42 /* SatelliteForcastCore */ = {
			isa = PBXGroup;
			children = (
				EFAE1EE0266862B400A18A42 /* SatelliteForcastCore.h */,
				EFAE1EFD266863BE00A18A42 /* AstroAlgorithms.swift */,
				EF4AF7672663DB7D00D28F47 /* TLE+Convenience.swift */,
				EFAE1F0526686CCF00A18A42 /* MathUtil.swift */,
				EFAE1EE1266862B400A18A42 /* Info.plist */,
				EFAE1F0726686E5900A18A42 /* SatelliteSnapshot.swift */,
				EFAE1F5B266A1A5000A18A42 /* Satellite+Convenience.swift */,
				EFAE1F5D266A1D1700A18A42 /* Loadable.swift */,
				EFAE1F5F266A1FCB00A18A42 /* Astronomy+Convenience.swift */,
			);
			path = SatelliteForcastCore;
			sourceTree = "<group>";
		};
		EFAE1EEC266862B500A18A42 /* SatelliteForcastCoreTests */ = {
			isa = PBXGroup;
			children = (
				EFAE1EED266862B500A18A42 /* AstroAlgorithmsTests.swift */,
				EFAE1EEF266862B500A18A42 /* Info.plist */,
			);
			path = SatelliteForcastCoreTests;
			sourceTree = "<group>";
		};
		EFAE1F23266A0D9F00A18A42 /* StarryNight */ = {
			isa = PBXGroup;
			children = (
				EFAE1EAD2664FF0400A18A42 /* Constellation.swift */,
				EFAE1EC92666228D00A18A42 /* Constellation+Display.swift */,
				EFAE1EAE2664FF0400A18A42 /* SpectralType.swift */,
				EFAE1EB02664FF0400A18A42 /* BayerFlamsteed.swift */,
				EFAE1EB12664FF0400A18A42 /* Fixtures */,
				EFAE1EB42664FF0400A18A42 /* Star.swift */,
				EFAE1EC32664FF4800A18A42 /* StarryNight.swift */,
				EFAE1F24266A0D9F00A18A42 /* StarryNight.h */,
				EFAE1F25266A0D9F00A18A42 /* Info.plist */,
			);
			path = StarryNight;
			sourceTree = "<group>";
		};
		EFAE1F30266A0D9F00A18A42 /* StarryNightTests */ = {
			isa = PBXGroup;
			children = (
				EFAE1F49266A0E1200A18A42 /* BayerFlamsteedTest.swift */,
				EFAE1F4C266A0E1200A18A42 /* ConstellationTest.swift */,
				EFAE1F4A266A0E1200A18A42 /* SpectralTypeTest.swift */,
				EFAE1F4B266A0E1200A18A42 /* StarTest.swift */,
				EFAE1F33266A0D9F00A18A42 /* Info.plist */,
			);
			path = StarryNightTests;
			sourceTree = "<group>";
		};
/* End PBXGroup section */

/* Begin PBXHeadersBuildPhase section */
		EFAE1ED9266862B400A18A42 /* Headers */ = {
			isa = PBXHeadersBuildPhase;
			buildActionMask = 2147483647;
			files = (
				EFAE1EF0266862B500A18A42 /* SatelliteForcastCore.h in Headers */,
			);
			runOnlyForDeploymentPostprocessing = 0;
		};
		EFAE1F1D266A0D9F00A18A42 /* Headers */ = {
			isa = PBXHeadersBuildPhase;
			buildActionMask = 2147483647;
			files = (
				EFAE1F34266A0D9F00A18A42 /* StarryNight.h in Headers */,
			);
			runOnlyForDeploymentPostprocessing = 0;
		};
/* End PBXHeadersBuildPhase section */

/* Begin PBXNativeTarget section */
		EF9D82802661BBF000616C97 /* SatelliteForcast (iOS) */ = {
			isa = PBXNativeTarget;
			buildConfigurationList = EF9D82AB2661BBF100616C97 /* Build configuration list for PBXNativeTarget "SatelliteForcast (iOS)" */;
			buildPhases = (
				EF9D827D2661BBF000616C97 /* Sources */,
				EF9D827E2661BBF000616C97 /* Frameworks */,
				EF9D827F2661BBF000616C97 /* Resources */,
				EFAE1EF5266862B500A18A42 /* Embed Frameworks */,
			);
			buildRules = (
			);
			dependencies = (
				EFAE1EF2266862B500A18A42 /* PBXTargetDependency */,
				EFAE1F36266A0D9F00A18A42 /* PBXTargetDependency */,
			);
			name = "SatelliteForcast (iOS)";
			packageProductDependencies = (
				EF4AF75F2663DA6900D28F47 /* CombineRex */,
				EF4AF7622663DB2000D28F47 /* ASCollectionView */,
				EF4AF7652663DB4200D28F47 /* SatelliteKit */,
				EFAE1EAA2664FEEF00A18A42 /* SQLite */,
				EFAE1EC7266502EE00A18A42 /* Regex */,
				EF7A311B266AEE7C00CC33C0 /* CombineRextensions */,
			);
			productName = "SatelliteForcast (iOS)";
			productReference = EF9D82812661BBF000616C97 /* SatelliteForcast.app */;
			productType = "com.apple.product-type.application";
		};
		EF9D82882661BBF000616C97 /* SatelliteForcast (macOS) */ = {
			isa = PBXNativeTarget;
			buildConfigurationList = EF9D82AE2661BBF100616C97 /* Build configuration list for PBXNativeTarget "SatelliteForcast (macOS)" */;
			buildPhases = (
				EF9D82852661BBF000616C97 /* Sources */,
				EF9D82862661BBF000616C97 /* Frameworks */,
				EF9D82872661BBF000616C97 /* Resources */,
			);
			buildRules = (
			);
			dependencies = (
			);
			name = "SatelliteForcast (macOS)";
			productName = "SatelliteForcast (macOS)";
			productReference = EF9D82892661BBF000616C97 /* SatelliteForcast.app */;
			productType = "com.apple.product-type.application";
		};
		EF9D82902661BBF000616C97 /* Tests iOS */ = {
			isa = PBXNativeTarget;
			buildConfigurationList = EF9D82B12661BBF100616C97 /* Build configuration list for PBXNativeTarget "Tests iOS" */;
			buildPhases = (
				EF9D828D2661BBF000616C97 /* Sources */,
				EF9D828E2661BBF000616C97 /* Frameworks */,
				EF9D828F2661BBF000616C97 /* Resources */,
			);
			buildRules = (
			);
			dependencies = (
				EF9D82932661BBF100616C97 /* PBXTargetDependency */,
			);
			name = "Tests iOS";
			productName = "Tests iOS";
			productReference = EF9D82912661BBF100616C97 /* Tests iOS.xctest */;
			productType = "com.apple.product-type.bundle.ui-testing";
		};
		EF9D829B2661BBF100616C97 /* Tests macOS */ = {
			isa = PBXNativeTarget;
			buildConfigurationList = EF9D82B42661BBF100616C97 /* Build configuration list for PBXNativeTarget "Tests macOS" */;
			buildPhases = (
				EF9D82982661BBF100616C97 /* Sources */,
				EF9D82992661BBF100616C97 /* Frameworks */,
				EF9D829A2661BBF100616C97 /* Resources */,
			);
			buildRules = (
			);
			dependencies = (
				EF9D829E2661BBF100616C97 /* PBXTargetDependency */,
			);
			name = "Tests macOS";
			productName = "Tests macOS";
			productReference = EF9D829C2661BBF100616C97 /* Tests macOS.xctest */;
			productType = "com.apple.product-type.bundle.ui-testing";
		};
		EFAE1EDD266862B400A18A42 /* SatelliteForcastCore */ = {
			isa = PBXNativeTarget;
			buildConfigurationList = EFAE1EFA266862B500A18A42 /* Build configuration list for PBXNativeTarget "SatelliteForcastCore" */;
			buildPhases = (
				EFAE1ED9266862B400A18A42 /* Headers */,
				EFAE1EDA266862B400A18A42 /* Sources */,
				EFAE1EDB266862B400A18A42 /* Frameworks */,
				EFAE1EDC266862B400A18A42 /* Resources */,
			);
			buildRules = (
			);
			dependencies = (
			);
			name = SatelliteForcastCore;
			packageProductDependencies = (
				EFAE1EFF2668641200A18A42 /* SatelliteKit */,
			);
			productName = SatelliteForcastCore;
			productReference = EFAE1EDE266862B400A18A42 /* SatelliteForcastCore.framework */;
			productType = "com.apple.product-type.framework";
		};
		EFAE1EE5266862B500A18A42 /* SatelliteForcastCoreTests */ = {
			isa = PBXNativeTarget;
			buildConfigurationList = EFAE1EFB266862B500A18A42 /* Build configuration list for PBXNativeTarget "SatelliteForcastCoreTests" */;
			buildPhases = (
				EFAE1EE2266862B500A18A42 /* Sources */,
				EFAE1EE3266862B500A18A42 /* Frameworks */,
				EFAE1EE4266862B500A18A42 /* Resources */,
			);
			buildRules = (
			);
			dependencies = (
				EFAE1F042668694F00A18A42 /* PBXTargetDependency */,
				EFAE1EE9266862B500A18A42 /* PBXTargetDependency */,
			);
			name = SatelliteForcastCoreTests;
			productName = SatelliteForcastCoreTests;
			productReference = EFAE1EE6266862B500A18A42 /* SatelliteForcastCoreTests.xctest */;
			productType = "com.apple.product-type.bundle.unit-test";
		};
		EFAE1F21266A0D9F00A18A42 /* StarryNight */ = {
			isa = PBXNativeTarget;
			buildConfigurationList = EFAE1F3D266A0D9F00A18A42 /* Build configuration list for PBXNativeTarget "StarryNight" */;
			buildPhases = (
				EFAE1F1D266A0D9F00A18A42 /* Headers */,
				EFAE1F1E266A0D9F00A18A42 /* Sources */,
				EFAE1F1F266A0D9F00A18A42 /* Frameworks */,
				EFAE1F20266A0D9F00A18A42 /* Resources */,
			);
			buildRules = (
			);
			dependencies = (
			);
			name = StarryNight;
			packageProductDependencies = (
				EFAE1F45266A0DD300A18A42 /* SQLite */,
				EFAE1F47266A0DD300A18A42 /* Regex */,
				EFAE1F51266A0E4600A18A42 /* SatelliteKit */,
			);
			productName = StarryNight;
			productReference = EFAE1F22266A0D9F00A18A42 /* StarryNight.framework */;
			productType = "com.apple.product-type.framework";
		};
		EFAE1F29266A0D9F00A18A42 /* StarryNightTests */ = {
			isa = PBXNativeTarget;
			buildConfigurationList = EFAE1F3E266A0D9F00A18A42 /* Build configuration list for PBXNativeTarget "StarryNightTests" */;
			buildPhases = (
				EFAE1F26266A0D9F00A18A42 /* Sources */,
				EFAE1F27266A0D9F00A18A42 /* Frameworks */,
				EFAE1F28266A0D9F00A18A42 /* Resources */,
			);
			buildRules = (
			);
			dependencies = (
				EFAE1F54266A0F1A00A18A42 /* PBXTargetDependency */,
				EFAE1F58266A0F1A00A18A42 /* PBXTargetDependency */,
				EFAE1F2D266A0D9F00A18A42 /* PBXTargetDependency */,
			);
			name = StarryNightTests;
			productName = StarryNightTests;
			productReference = EFAE1F2A266A0D9F00A18A42 /* StarryNightTests.xctest */;
			productType = "com.apple.product-type.bundle.unit-test";
		};
/* End PBXNativeTarget section */

/* Begin PBXProject section */
		EF9D82752661BBEF00616C97 /* Project object */ = {
			isa = PBXProject;
			attributes = {
				LastSwiftUpdateCheck = 1250;
				LastUpgradeCheck = 1250;
				TargetAttributes = {
					EF9D82802661BBF000616C97 = {
						CreatedOnToolsVersion = 12.4;
					};
					EF9D82882661BBF000616C97 = {
						CreatedOnToolsVersion = 12.4;
					};
					EF9D82902661BBF000616C97 = {
						CreatedOnToolsVersion = 12.4;
						TestTargetID = EF9D82802661BBF000616C97;
					};
					EF9D829B2661BBF100616C97 = {
						CreatedOnToolsVersion = 12.4;
						TestTargetID = EF9D82882661BBF000616C97;
					};
					EFAE1EDD266862B400A18A42 = {
						CreatedOnToolsVersion = 12.5;
					};
					EFAE1EE5266862B500A18A42 = {
						CreatedOnToolsVersion = 12.5;
					};
					EFAE1F21266A0D9F00A18A42 = {
						CreatedOnToolsVersion = 12.5;
					};
					EFAE1F29266A0D9F00A18A42 = {
						CreatedOnToolsVersion = 12.5;
						LastSwiftMigration = 1250;
					};
				};
			};
			buildConfigurationList = EF9D82782661BBEF00616C97 /* Build configuration list for PBXProject "SatelliteForcast" */;
			compatibilityVersion = "Xcode 9.3";
			developmentRegion = en;
			hasScannedForEncodings = 0;
			knownRegions = (
				en,
				Base,
			);
			mainGroup = EF9D82742661BBEF00616C97;
			packageReferences = (
				EF4AF75E2663DA6900D28F47 /* XCRemoteSwiftPackageReference "SwiftRex" */,
				EF4AF7612663DB2000D28F47 /* XCRemoteSwiftPackageReference "ASCollectionView" */,
				EF4AF7642663DB4200D28F47 /* XCRemoteSwiftPackageReference "SatelliteKit" */,
				EFAE1EA92664FEEF00A18A42 /* XCRemoteSwiftPackageReference "SQLite.swift" */,
				EFAE1EC6266502EE00A18A42 /* XCRemoteSwiftPackageReference "Regex" */,
				EF7A311A266AEE7C00CC33C0 /* XCRemoteSwiftPackageReference "CombineRextensions" */,
			);
			productRefGroup = EF9D82822661BBF000616C97 /* Products */;
			projectDirPath = "";
			projectRoot = "";
			targets = (
				EF9D82802661BBF000616C97 /* SatelliteForcast (iOS) */,
				EF9D82882661BBF000616C97 /* SatelliteForcast (macOS) */,
				EF9D82902661BBF000616C97 /* Tests iOS */,
				EF9D829B2661BBF100616C97 /* Tests macOS */,
				EFAE1EDD266862B400A18A42 /* SatelliteForcastCore */,
				EFAE1EE5266862B500A18A42 /* SatelliteForcastCoreTests */,
				EFAE1F21266A0D9F00A18A42 /* StarryNight */,
				EFAE1F29266A0D9F00A18A42 /* StarryNightTests */,
			);
		};
/* End PBXProject section */

/* Begin PBXResourcesBuildPhase section */
		EF9D827F2661BBF000616C97 /* Resources */ = {
			isa = PBXResourcesBuildPhase;
			buildActionMask = 2147483647;
			files = (
				EF9D82A72661BBF100616C97 /* Assets.xcassets in Resources */,
			);
			runOnlyForDeploymentPostprocessing = 0;
		};
		EF9D82872661BBF000616C97 /* Resources */ = {
			isa = PBXResourcesBuildPhase;
			buildActionMask = 2147483647;
			files = (
				EF9D82A82661BBF100616C97 /* Assets.xcassets in Resources */,
			);
			runOnlyForDeploymentPostprocessing = 0;
		};
		EF9D828F2661BBF000616C97 /* Resources */ = {
			isa = PBXResourcesBuildPhase;
			buildActionMask = 2147483647;
			files = (
			);
			runOnlyForDeploymentPostprocessing = 0;
		};
		EF9D829A2661BBF100616C97 /* Resources */ = {
			isa = PBXResourcesBuildPhase;
			buildActionMask = 2147483647;
			files = (
			);
			runOnlyForDeploymentPostprocessing = 0;
		};
		EFAE1EDC266862B400A18A42 /* Resources */ = {
			isa = PBXResourcesBuildPhase;
			buildActionMask = 2147483647;
			files = (
			);
			runOnlyForDeploymentPostprocessing = 0;
		};
		EFAE1EE4266862B500A18A42 /* Resources */ = {
			isa = PBXResourcesBuildPhase;
			buildActionMask = 2147483647;
			files = (
			);
			runOnlyForDeploymentPostprocessing = 0;
		};
		EFAE1F20266A0D9F00A18A42 /* Resources */ = {
			isa = PBXResourcesBuildPhase;
			buildActionMask = 2147483647;
			files = (
				EFAE1F59266A0FDD00A18A42 /* constellation_lines.dat in Resources */,
				EFAE1F5A266A0FDD00A18A42 /* stars.sqlite3 in Resources */,
			);
			runOnlyForDeploymentPostprocessing = 0;
		};
		EFAE1F28266A0D9F00A18A42 /* Resources */ = {
			isa = PBXResourcesBuildPhase;
			buildActionMask = 2147483647;
			files = (
			);
			runOnlyForDeploymentPostprocessing = 0;
		};
/* End PBXResourcesBuildPhase section */

/* Begin PBXSourcesBuildPhase section */
		EF9D827D2661BBF000616C97 /* Sources */ = {
			isa = PBXSourcesBuildPhase;
			buildActionMask = 2147483647;
			files = (
				EF7A311E266AFBF800CC33C0 /* Store.swift in Sources */,
				EF9D82F426622E6E00616C97 /* SatelliteWidgetViewModel.swift in Sources */,
				EFAE1F132669E7A800A18A42 /* SunlightIndicator.swift in Sources */,
				EFAE1F0C2668B10F00A18A42 /* SatelliteElevationGraph.swift in Sources */,
				EF9D82A52661BBF100616C97 /* ContentView.swift in Sources */,
				EF4AF76C266434CC00D28F47 /* SkyChart.swift in Sources */,
				EF9D82A32661BBF100616C97 /* SatelliteForcastApp.swift in Sources */,
			);
			runOnlyForDeploymentPostprocessing = 0;
		};
		EF9D82852661BBF000616C97 /* Sources */ = {
			isa = PBXSourcesBuildPhase;
			buildActionMask = 2147483647;
			files = (
				EF7A311F266AFBF800CC33C0 /* Store.swift in Sources */,
				EF9D82F526622E6E00616C97 /* SatelliteWidgetViewModel.swift in Sources */,
				EFAE1F142669E7A800A18A42 /* SunlightIndicator.swift in Sources */,
				EFAE1F0D2668B10F00A18A42 /* SatelliteElevationGraph.swift in Sources */,
				EF9D82A62661BBF100616C97 /* ContentView.swift in Sources */,
				EF4AF76D266434CC00D28F47 /* SkyChart.swift in Sources */,
				EF9D82A42661BBF100616C97 /* SatelliteForcastApp.swift in Sources */,
			);
			runOnlyForDeploymentPostprocessing = 0;
		};
		EF9D828D2661BBF000616C97 /* Sources */ = {
			isa = PBXSourcesBuildPhase;
			buildActionMask = 2147483647;
			files = (
				EF9D82962661BBF100616C97 /* Tests_iOS.swift in Sources */,
			);
			runOnlyForDeploymentPostprocessing = 0;
		};
		EF9D82982661BBF100616C97 /* Sources */ = {
			isa = PBXSourcesBuildPhase;
			buildActionMask = 2147483647;
			files = (
				EF9D82A12661BBF100616C97 /* Tests_macOS.swift in Sources */,
			);
			runOnlyForDeploymentPostprocessing = 0;
		};
		EFAE1EDA266862B400A18A42 /* Sources */ = {
			isa = PBXSourcesBuildPhase;
			buildActionMask = 2147483647;
			files = (
				EFAE1EFE266863BE00A18A42 /* AstroAlgorithms.swift in Sources */,
				EFAE1F0E2668B23E00A18A42 /* TLE+Convenience.swift in Sources */,
				EFAE1F0626686CCF00A18A42 /* MathUtil.swift in Sources */,
				EFAE1F5C266A1A5000A18A42 /* Satellite+Convenience.swift in Sources */,
				EFAE1F60266A1FCB00A18A42 /* Astronomy+Convenience.swift in Sources */,
				EFAE1F0826686E5900A18A42 /* SatelliteSnapshot.swift in Sources */,
				EFAE1F5E266A1D1700A18A42 /* Loadable.swift in Sources */,
			);
			runOnlyForDeploymentPostprocessing = 0;
		};
		EFAE1EE2266862B500A18A42 /* Sources */ = {
			isa = PBXSourcesBuildPhase;
			buildActionMask = 2147483647;
			files = (
				EFAE1EEE266862B500A18A42 /* AstroAlgorithmsTests.swift in Sources */,
			);
			runOnlyForDeploymentPostprocessing = 0;
		};
		EFAE1F1E266A0D9F00A18A42 /* Sources */ = {
			isa = PBXSourcesBuildPhase;
			buildActionMask = 2147483647;
			files = (
				EFAE1F40266A0DA700A18A42 /* Constellation+Display.swift in Sources */,
				EFAE1F41266A0DA700A18A42 /* SpectralType.swift in Sources */,
				EFAE1F3F266A0DA700A18A42 /* StarryNight.swift in Sources */,
				EFAE1F43266A0DA700A18A42 /* Star.swift in Sources */,
				EFAE1F42266A0DA700A18A42 /* BayerFlamsteed.swift in Sources */,
				EFAE1F44266A0DA700A18A42 /* Constellation.swift in Sources */,
			);
			runOnlyForDeploymentPostprocessing = 0;
		};
		EFAE1F26266A0D9F00A18A42 /* Sources */ = {
			isa = PBXSourcesBuildPhase;
			buildActionMask = 2147483647;
			files = (
				EFAE1F4F266A0E1200A18A42 /* StarTest.swift in Sources */,
				EFAE1F50266A0E1200A18A42 /* ConstellationTest.swift in Sources */,
				EFAE1F4D266A0E1200A18A42 /* BayerFlamsteedTest.swift in Sources */,
				EFAE1F4E266A0E1200A18A42 /* SpectralTypeTest.swift in Sources */,
			);
			runOnlyForDeploymentPostprocessing = 0;
		};
/* End PBXSourcesBuildPhase section */

/* Begin PBXTargetDependency section */
		EF9D82932661BBF100616C97 /* PBXTargetDependency */ = {
			isa = PBXTargetDependency;
			target = EF9D82802661BBF000616C97 /* SatelliteForcast (iOS) */;
			targetProxy = EF9D82922661BBF100616C97 /* PBXContainerItemProxy */;
		};
		EF9D829E2661BBF100616C97 /* PBXTargetDependency */ = {
			isa = PBXTargetDependency;
			target = EF9D82882661BBF000616C97 /* SatelliteForcast (macOS) */;
			targetProxy = EF9D829D2661BBF100616C97 /* PBXContainerItemProxy */;
		};
		EFAE1EE9266862B500A18A42 /* PBXTargetDependency */ = {
			isa = PBXTargetDependency;
			target = EFAE1EDD266862B400A18A42 /* SatelliteForcastCore */;
			targetProxy = EFAE1EE8266862B500A18A42 /* PBXContainerItemProxy */;
		};
		EFAE1EF2266862B500A18A42 /* PBXTargetDependency */ = {
			isa = PBXTargetDependency;
			target = EFAE1EDD266862B400A18A42 /* SatelliteForcastCore */;
			targetProxy = EFAE1EF1266862B500A18A42 /* PBXContainerItemProxy */;
		};
		EFAE1F042668694F00A18A42 /* PBXTargetDependency */ = {
			isa = PBXTargetDependency;
			productRef = EFAE1F032668694F00A18A42 /* SatelliteKit */;
		};
		EFAE1F2D266A0D9F00A18A42 /* PBXTargetDependency */ = {
			isa = PBXTargetDependency;
			target = EFAE1F21266A0D9F00A18A42 /* StarryNight */;
			targetProxy = EFAE1F2C266A0D9F00A18A42 /* PBXContainerItemProxy */;
		};
		EFAE1F36266A0D9F00A18A42 /* PBXTargetDependency */ = {
			isa = PBXTargetDependency;
			target = EFAE1F21266A0D9F00A18A42 /* StarryNight */;
			targetProxy = EFAE1F35266A0D9F00A18A42 /* PBXContainerItemProxy */;
		};
		EFAE1F54266A0F1A00A18A42 /* PBXTargetDependency */ = {
			isa = PBXTargetDependency;
			productRef = EFAE1F53266A0F1A00A18A42 /* SatelliteKit */;
		};
		EFAE1F58266A0F1A00A18A42 /* PBXTargetDependency */ = {
			isa = PBXTargetDependency;
			productRef = EFAE1F57266A0F1A00A18A42 /* Regex */;
		};
/* End PBXTargetDependency section */

/* Begin XCBuildConfiguration section */
		EF9D82A92661BBF100616C97 /* Debug */ = {
			isa = XCBuildConfiguration;
			buildSettings = {
				ALWAYS_SEARCH_USER_PATHS = NO;
				CLANG_ANALYZER_NONNULL = YES;
				CLANG_ANALYZER_NUMBER_OBJECT_CONVERSION = YES_AGGRESSIVE;
				CLANG_CXX_LANGUAGE_STANDARD = "gnu++14";
				CLANG_CXX_LIBRARY = "libc++";
				CLANG_ENABLE_MODULES = YES;
				CLANG_ENABLE_OBJC_ARC = YES;
				CLANG_ENABLE_OBJC_WEAK = YES;
				CLANG_WARN_BLOCK_CAPTURE_AUTORELEASING = YES;
				CLANG_WARN_BOOL_CONVERSION = YES;
				CLANG_WARN_COMMA = YES;
				CLANG_WARN_CONSTANT_CONVERSION = YES;
				CLANG_WARN_DEPRECATED_OBJC_IMPLEMENTATIONS = YES;
				CLANG_WARN_DIRECT_OBJC_ISA_USAGE = YES_ERROR;
				CLANG_WARN_DOCUMENTATION_COMMENTS = YES;
				CLANG_WARN_EMPTY_BODY = YES;
				CLANG_WARN_ENUM_CONVERSION = YES;
				CLANG_WARN_INFINITE_RECURSION = YES;
				CLANG_WARN_INT_CONVERSION = YES;
				CLANG_WARN_NON_LITERAL_NULL_CONVERSION = YES;
				CLANG_WARN_OBJC_IMPLICIT_RETAIN_SELF = YES;
				CLANG_WARN_OBJC_LITERAL_CONVERSION = YES;
				CLANG_WARN_OBJC_ROOT_CLASS = YES_ERROR;
				CLANG_WARN_QUOTED_INCLUDE_IN_FRAMEWORK_HEADER = YES;
				CLANG_WARN_RANGE_LOOP_ANALYSIS = YES;
				CLANG_WARN_STRICT_PROTOTYPES = YES;
				CLANG_WARN_SUSPICIOUS_MOVE = YES;
				CLANG_WARN_UNGUARDED_AVAILABILITY = YES_AGGRESSIVE;
				CLANG_WARN_UNREACHABLE_CODE = YES;
				CLANG_WARN__DUPLICATE_METHOD_MATCH = YES;
				COPY_PHASE_STRIP = NO;
				DEBUG_INFORMATION_FORMAT = dwarf;
				ENABLE_STRICT_OBJC_MSGSEND = YES;
				ENABLE_TESTABILITY = YES;
				GCC_C_LANGUAGE_STANDARD = gnu11;
				GCC_DYNAMIC_NO_PIC = NO;
				GCC_NO_COMMON_BLOCKS = YES;
				GCC_OPTIMIZATION_LEVEL = 0;
				GCC_PREPROCESSOR_DEFINITIONS = (
					"DEBUG=1",
					"$(inherited)",
				);
				GCC_WARN_64_TO_32_BIT_CONVERSION = YES;
				GCC_WARN_ABOUT_RETURN_TYPE = YES_ERROR;
				GCC_WARN_UNDECLARED_SELECTOR = YES;
				GCC_WARN_UNINITIALIZED_AUTOS = YES_AGGRESSIVE;
				GCC_WARN_UNUSED_FUNCTION = YES;
				GCC_WARN_UNUSED_VARIABLE = YES;
				IPHONEOS_DEPLOYMENT_TARGET = 14.5;
				MACOSX_DEPLOYMENT_TARGET = 11.3;
				MTL_ENABLE_DEBUG_INFO = INCLUDE_SOURCE;
				MTL_FAST_MATH = YES;
				ONLY_ACTIVE_ARCH = YES;
				SWIFT_ACTIVE_COMPILATION_CONDITIONS = DEBUG;
				SWIFT_OPTIMIZATION_LEVEL = "-Onone";
			};
			name = Debug;
		};
		EF9D82AA2661BBF100616C97 /* Release */ = {
			isa = XCBuildConfiguration;
			buildSettings = {
				ALWAYS_SEARCH_USER_PATHS = NO;
				CLANG_ANALYZER_NONNULL = YES;
				CLANG_ANALYZER_NUMBER_OBJECT_CONVERSION = YES_AGGRESSIVE;
				CLANG_CXX_LANGUAGE_STANDARD = "gnu++14";
				CLANG_CXX_LIBRARY = "libc++";
				CLANG_ENABLE_MODULES = YES;
				CLANG_ENABLE_OBJC_ARC = YES;
				CLANG_ENABLE_OBJC_WEAK = YES;
				CLANG_WARN_BLOCK_CAPTURE_AUTORELEASING = YES;
				CLANG_WARN_BOOL_CONVERSION = YES;
				CLANG_WARN_COMMA = YES;
				CLANG_WARN_CONSTANT_CONVERSION = YES;
				CLANG_WARN_DEPRECATED_OBJC_IMPLEMENTATIONS = YES;
				CLANG_WARN_DIRECT_OBJC_ISA_USAGE = YES_ERROR;
				CLANG_WARN_DOCUMENTATION_COMMENTS = YES;
				CLANG_WARN_EMPTY_BODY = YES;
				CLANG_WARN_ENUM_CONVERSION = YES;
				CLANG_WARN_INFINITE_RECURSION = YES;
				CLANG_WARN_INT_CONVERSION = YES;
				CLANG_WARN_NON_LITERAL_NULL_CONVERSION = YES;
				CLANG_WARN_OBJC_IMPLICIT_RETAIN_SELF = YES;
				CLANG_WARN_OBJC_LITERAL_CONVERSION = YES;
				CLANG_WARN_OBJC_ROOT_CLASS = YES_ERROR;
				CLANG_WARN_QUOTED_INCLUDE_IN_FRAMEWORK_HEADER = YES;
				CLANG_WARN_RANGE_LOOP_ANALYSIS = YES;
				CLANG_WARN_STRICT_PROTOTYPES = YES;
				CLANG_WARN_SUSPICIOUS_MOVE = YES;
				CLANG_WARN_UNGUARDED_AVAILABILITY = YES_AGGRESSIVE;
				CLANG_WARN_UNREACHABLE_CODE = YES;
				CLANG_WARN__DUPLICATE_METHOD_MATCH = YES;
				COPY_PHASE_STRIP = NO;
				DEBUG_INFORMATION_FORMAT = "dwarf-with-dsym";
				ENABLE_NS_ASSERTIONS = NO;
				ENABLE_STRICT_OBJC_MSGSEND = YES;
				GCC_C_LANGUAGE_STANDARD = gnu11;
				GCC_NO_COMMON_BLOCKS = YES;
				GCC_WARN_64_TO_32_BIT_CONVERSION = YES;
				GCC_WARN_ABOUT_RETURN_TYPE = YES_ERROR;
				GCC_WARN_UNDECLARED_SELECTOR = YES;
				GCC_WARN_UNINITIALIZED_AUTOS = YES_AGGRESSIVE;
				GCC_WARN_UNUSED_FUNCTION = YES;
				GCC_WARN_UNUSED_VARIABLE = YES;
				IPHONEOS_DEPLOYMENT_TARGET = 14.5;
				MACOSX_DEPLOYMENT_TARGET = 11.3;
				MTL_ENABLE_DEBUG_INFO = NO;
				MTL_FAST_MATH = YES;
				SWIFT_COMPILATION_MODE = wholemodule;
				SWIFT_OPTIMIZATION_LEVEL = "-O";
			};
			name = Release;
		};
		EF9D82AC2661BBF100616C97 /* Debug */ = {
			isa = XCBuildConfiguration;
			buildSettings = {
				ALWAYS_EMBED_SWIFT_STANDARD_LIBRARIES = YES;
				ASSETCATALOG_COMPILER_APPICON_NAME = AppIcon;
				ASSETCATALOG_COMPILER_GLOBAL_ACCENT_COLOR_NAME = AccentColor;
				CODE_SIGN_STYLE = Automatic;
				DEVELOPMENT_TEAM = 52RD2GH5DP;
				ENABLE_PREVIEWS = YES;
				INFOPLIST_FILE = iOS/Info.plist;
				IPHONEOS_DEPLOYMENT_TARGET = 14.5;
				LD_RUNPATH_SEARCH_PATHS = (
					"$(inherited)",
					"@executable_path/Frameworks",
				);
				PRODUCT_BUNDLE_IDENTIFIER = io.djben.SatelliteForcast;
				PRODUCT_NAME = SatelliteForcast;
				SDKROOT = iphoneos;
				SWIFT_VERSION = 5.0;
				TARGETED_DEVICE_FAMILY = "1,2";
			};
			name = Debug;
		};
		EF9D82AD2661BBF100616C97 /* Release */ = {
			isa = XCBuildConfiguration;
			buildSettings = {
				ALWAYS_EMBED_SWIFT_STANDARD_LIBRARIES = YES;
				ASSETCATALOG_COMPILER_APPICON_NAME = AppIcon;
				ASSETCATALOG_COMPILER_GLOBAL_ACCENT_COLOR_NAME = AccentColor;
				CODE_SIGN_STYLE = Automatic;
				DEVELOPMENT_TEAM = 52RD2GH5DP;
				ENABLE_PREVIEWS = YES;
				INFOPLIST_FILE = iOS/Info.plist;
				IPHONEOS_DEPLOYMENT_TARGET = 14.5;
				LD_RUNPATH_SEARCH_PATHS = (
					"$(inherited)",
					"@executable_path/Frameworks",
				);
				PRODUCT_BUNDLE_IDENTIFIER = io.djben.SatelliteForcast;
				PRODUCT_NAME = SatelliteForcast;
				SDKROOT = iphoneos;
				SWIFT_VERSION = 5.0;
				TARGETED_DEVICE_FAMILY = "1,2";
				VALIDATE_PRODUCT = YES;
			};
			name = Release;
		};
		EF9D82AF2661BBF100616C97 /* Debug */ = {
			isa = XCBuildConfiguration;
			buildSettings = {
				ASSETCATALOG_COMPILER_APPICON_NAME = AppIcon;
				ASSETCATALOG_COMPILER_GLOBAL_ACCENT_COLOR_NAME = AccentColor;
				CODE_SIGN_ENTITLEMENTS = macOS/macOS.entitlements;
				CODE_SIGN_IDENTITY = "-";
				CODE_SIGN_STYLE = Automatic;
				COMBINE_HIDPI_IMAGES = YES;
				DEVELOPMENT_TEAM = 52RD2GH5DP;
				ENABLE_PREVIEWS = YES;
				INFOPLIST_FILE = macOS/Info.plist;
				LD_RUNPATH_SEARCH_PATHS = (
					"$(inherited)",
					"@executable_path/../Frameworks",
				);
				MACOSX_DEPLOYMENT_TARGET = 11.3;
				PRODUCT_BUNDLE_IDENTIFIER = io.djben.SatelliteForcast;
				PRODUCT_NAME = SatelliteForcast;
				SDKROOT = macosx;
				SWIFT_VERSION = 5.0;
			};
			name = Debug;
		};
		EF9D82B02661BBF100616C97 /* Release */ = {
			isa = XCBuildConfiguration;
			buildSettings = {
				ASSETCATALOG_COMPILER_APPICON_NAME = AppIcon;
				ASSETCATALOG_COMPILER_GLOBAL_ACCENT_COLOR_NAME = AccentColor;
				CODE_SIGN_ENTITLEMENTS = macOS/macOS.entitlements;
				CODE_SIGN_IDENTITY = "-";
				CODE_SIGN_STYLE = Automatic;
				COMBINE_HIDPI_IMAGES = YES;
				DEVELOPMENT_TEAM = 52RD2GH5DP;
				ENABLE_PREVIEWS = YES;
				INFOPLIST_FILE = macOS/Info.plist;
				LD_RUNPATH_SEARCH_PATHS = (
					"$(inherited)",
					"@executable_path/../Frameworks",
				);
				MACOSX_DEPLOYMENT_TARGET = 11.3;
				PRODUCT_BUNDLE_IDENTIFIER = io.djben.SatelliteForcast;
				PRODUCT_NAME = SatelliteForcast;
				SDKROOT = macosx;
				SWIFT_VERSION = 5.0;
			};
			name = Release;
		};
		EF9D82B22661BBF100616C97 /* Debug */ = {
			isa = XCBuildConfiguration;
			buildSettings = {
				ALWAYS_EMBED_SWIFT_STANDARD_LIBRARIES = YES;
				CODE_SIGN_STYLE = Automatic;
				INFOPLIST_FILE = "Tests iOS/Info.plist";
				IPHONEOS_DEPLOYMENT_TARGET = 14.4;
				LD_RUNPATH_SEARCH_PATHS = (
					"$(inherited)",
					"@executable_path/Frameworks",
					"@loader_path/Frameworks",
				);
				PRODUCT_BUNDLE_IDENTIFIER = "io.djben.Tests-iOS";
				PRODUCT_NAME = "$(TARGET_NAME)";
				SDKROOT = iphoneos;
				SWIFT_VERSION = 5.0;
				TARGETED_DEVICE_FAMILY = "1,2";
				TEST_TARGET_NAME = "SatelliteForcast (iOS)";
			};
			name = Debug;
		};
		EF9D82B32661BBF100616C97 /* Release */ = {
			isa = XCBuildConfiguration;
			buildSettings = {
				ALWAYS_EMBED_SWIFT_STANDARD_LIBRARIES = YES;
				CODE_SIGN_STYLE = Automatic;
				INFOPLIST_FILE = "Tests iOS/Info.plist";
				IPHONEOS_DEPLOYMENT_TARGET = 14.4;
				LD_RUNPATH_SEARCH_PATHS = (
					"$(inherited)",
					"@executable_path/Frameworks",
					"@loader_path/Frameworks",
				);
				PRODUCT_BUNDLE_IDENTIFIER = "io.djben.Tests-iOS";
				PRODUCT_NAME = "$(TARGET_NAME)";
				SDKROOT = iphoneos;
				SWIFT_VERSION = 5.0;
				TARGETED_DEVICE_FAMILY = "1,2";
				TEST_TARGET_NAME = "SatelliteForcast (iOS)";
				VALIDATE_PRODUCT = YES;
			};
			name = Release;
		};
		EF9D82B52661BBF100616C97 /* Debug */ = {
			isa = XCBuildConfiguration;
			buildSettings = {
				ALWAYS_EMBED_SWIFT_STANDARD_LIBRARIES = YES;
				CODE_SIGN_STYLE = Automatic;
				COMBINE_HIDPI_IMAGES = YES;
				INFOPLIST_FILE = "Tests macOS/Info.plist";
				LD_RUNPATH_SEARCH_PATHS = (
					"$(inherited)",
					"@executable_path/../Frameworks",
					"@loader_path/../Frameworks",
				);
				MACOSX_DEPLOYMENT_TARGET = 11.1;
				PRODUCT_BUNDLE_IDENTIFIER = "io.djben.Tests-macOS";
				PRODUCT_NAME = "$(TARGET_NAME)";
				SDKROOT = macosx;
				SWIFT_VERSION = 5.0;
				TEST_TARGET_NAME = "SatelliteForcast (macOS)";
			};
			name = Debug;
		};
		EF9D82B62661BBF100616C97 /* Release */ = {
			isa = XCBuildConfiguration;
			buildSettings = {
				ALWAYS_EMBED_SWIFT_STANDARD_LIBRARIES = YES;
				CODE_SIGN_STYLE = Automatic;
				COMBINE_HIDPI_IMAGES = YES;
				INFOPLIST_FILE = "Tests macOS/Info.plist";
				LD_RUNPATH_SEARCH_PATHS = (
					"$(inherited)",
					"@executable_path/../Frameworks",
					"@loader_path/../Frameworks",
				);
				MACOSX_DEPLOYMENT_TARGET = 11.1;
				PRODUCT_BUNDLE_IDENTIFIER = "io.djben.Tests-macOS";
				PRODUCT_NAME = "$(TARGET_NAME)";
				SDKROOT = macosx;
				SWIFT_VERSION = 5.0;
				TEST_TARGET_NAME = "SatelliteForcast (macOS)";
			};
			name = Release;
		};
		EFAE1EF6266862B500A18A42 /* Debug */ = {
			isa = XCBuildConfiguration;
			buildSettings = {
				CODE_SIGN_STYLE = Automatic;
				CURRENT_PROJECT_VERSION = 1;
				DEFINES_MODULE = YES;
				DEVELOPMENT_TEAM = 52RD2GH5DP;
				DYLIB_COMPATIBILITY_VERSION = 1;
				DYLIB_CURRENT_VERSION = 1;
				DYLIB_INSTALL_NAME_BASE = "@rpath";
				INFOPLIST_FILE = SatelliteForcastCore/Info.plist;
				INSTALL_PATH = "$(LOCAL_LIBRARY_DIR)/Frameworks";
				IPHONEOS_DEPLOYMENT_TARGET = 14.5;
				LD_RUNPATH_SEARCH_PATHS = (
					"$(inherited)",
					"@executable_path/Frameworks",
					"@loader_path/Frameworks",
				);
				PRODUCT_BUNDLE_IDENTIFIER = io.djben.SatelliteForcastCore;
				PRODUCT_NAME = "$(TARGET_NAME:c99extidentifier)";
				SDKROOT = iphoneos;
				SKIP_INSTALL = YES;
				SWIFT_VERSION = 5.0;
				TARGETED_DEVICE_FAMILY = "1,2";
				VERSIONING_SYSTEM = "apple-generic";
				VERSION_INFO_PREFIX = "";
			};
			name = Debug;
		};
		EFAE1EF7266862B500A18A42 /* Release */ = {
			isa = XCBuildConfiguration;
			buildSettings = {
				CODE_SIGN_STYLE = Automatic;
				CURRENT_PROJECT_VERSION = 1;
				DEFINES_MODULE = YES;
				DEVELOPMENT_TEAM = 52RD2GH5DP;
				DYLIB_COMPATIBILITY_VERSION = 1;
				DYLIB_CURRENT_VERSION = 1;
				DYLIB_INSTALL_NAME_BASE = "@rpath";
				INFOPLIST_FILE = SatelliteForcastCore/Info.plist;
				INSTALL_PATH = "$(LOCAL_LIBRARY_DIR)/Frameworks";
				IPHONEOS_DEPLOYMENT_TARGET = 14.5;
				LD_RUNPATH_SEARCH_PATHS = (
					"$(inherited)",
					"@executable_path/Frameworks",
					"@loader_path/Frameworks",
				);
				PRODUCT_BUNDLE_IDENTIFIER = io.djben.SatelliteForcastCore;
				PRODUCT_NAME = "$(TARGET_NAME:c99extidentifier)";
				SDKROOT = iphoneos;
				SKIP_INSTALL = YES;
				SWIFT_VERSION = 5.0;
				TARGETED_DEVICE_FAMILY = "1,2";
				VALIDATE_PRODUCT = YES;
				VERSIONING_SYSTEM = "apple-generic";
				VERSION_INFO_PREFIX = "";
			};
			name = Release;
		};
		EFAE1EF8266862B500A18A42 /* Debug */ = {
			isa = XCBuildConfiguration;
			buildSettings = {
				ALWAYS_EMBED_SWIFT_STANDARD_LIBRARIES = YES;
				CODE_SIGN_STYLE = Automatic;
				DEVELOPMENT_TEAM = 52RD2GH5DP;
				INFOPLIST_FILE = SatelliteForcastCoreTests/Info.plist;
				IPHONEOS_DEPLOYMENT_TARGET = 14.5;
				LD_RUNPATH_SEARCH_PATHS = (
					"$(inherited)",
					"@executable_path/Frameworks",
					"@loader_path/Frameworks",
				);
				PRODUCT_BUNDLE_IDENTIFIER = io.djben.SatelliteForcastCoreTests;
				PRODUCT_NAME = "$(TARGET_NAME)";
				SDKROOT = iphoneos;
				SWIFT_VERSION = 5.0;
				TARGETED_DEVICE_FAMILY = "1,2";
			};
			name = Debug;
		};
		EFAE1EF9266862B500A18A42 /* Release */ = {
			isa = XCBuildConfiguration;
			buildSettings = {
				ALWAYS_EMBED_SWIFT_STANDARD_LIBRARIES = YES;
				CODE_SIGN_STYLE = Automatic;
				DEVELOPMENT_TEAM = 52RD2GH5DP;
				INFOPLIST_FILE = SatelliteForcastCoreTests/Info.plist;
				IPHONEOS_DEPLOYMENT_TARGET = 14.5;
				LD_RUNPATH_SEARCH_PATHS = (
					"$(inherited)",
					"@executable_path/Frameworks",
					"@loader_path/Frameworks",
				);
				PRODUCT_BUNDLE_IDENTIFIER = io.djben.SatelliteForcastCoreTests;
				PRODUCT_NAME = "$(TARGET_NAME)";
				SDKROOT = iphoneos;
				SWIFT_VERSION = 5.0;
				TARGETED_DEVICE_FAMILY = "1,2";
				VALIDATE_PRODUCT = YES;
			};
			name = Release;
		};
		EFAE1F39266A0D9F00A18A42 /* Debug */ = {
			isa = XCBuildConfiguration;
			buildSettings = {
				CODE_SIGN_STYLE = Automatic;
				CURRENT_PROJECT_VERSION = 1;
				DEFINES_MODULE = YES;
				DEVELOPMENT_TEAM = 52RD2GH5DP;
				DYLIB_COMPATIBILITY_VERSION = 1;
				DYLIB_CURRENT_VERSION = 1;
				DYLIB_INSTALL_NAME_BASE = "@rpath";
				INFOPLIST_FILE = StarryNight/Info.plist;
				INSTALL_PATH = "$(LOCAL_LIBRARY_DIR)/Frameworks";
				LD_RUNPATH_SEARCH_PATHS = (
					"$(inherited)",
					"@executable_path/Frameworks",
					"@loader_path/Frameworks",
				);
				PRODUCT_BUNDLE_IDENTIFIER = io.djben.StarryNight;
				PRODUCT_NAME = "$(TARGET_NAME:c99extidentifier)";
				SDKROOT = iphoneos;
				SKIP_INSTALL = YES;
				SWIFT_VERSION = 5.0;
				TARGETED_DEVICE_FAMILY = "1,2";
				VERSIONING_SYSTEM = "apple-generic";
				VERSION_INFO_PREFIX = "";
			};
			name = Debug;
		};
		EFAE1F3A266A0D9F00A18A42 /* Release */ = {
			isa = XCBuildConfiguration;
			buildSettings = {
				CODE_SIGN_STYLE = Automatic;
				CURRENT_PROJECT_VERSION = 1;
				DEFINES_MODULE = YES;
				DEVELOPMENT_TEAM = 52RD2GH5DP;
				DYLIB_COMPATIBILITY_VERSION = 1;
				DYLIB_CURRENT_VERSION = 1;
				DYLIB_INSTALL_NAME_BASE = "@rpath";
				INFOPLIST_FILE = StarryNight/Info.plist;
				INSTALL_PATH = "$(LOCAL_LIBRARY_DIR)/Frameworks";
				LD_RUNPATH_SEARCH_PATHS = (
					"$(inherited)",
					"@executable_path/Frameworks",
					"@loader_path/Frameworks",
				);
				PRODUCT_BUNDLE_IDENTIFIER = io.djben.StarryNight;
				PRODUCT_NAME = "$(TARGET_NAME:c99extidentifier)";
				SDKROOT = iphoneos;
				SKIP_INSTALL = YES;
				SWIFT_VERSION = 5.0;
				TARGETED_DEVICE_FAMILY = "1,2";
				VALIDATE_PRODUCT = YES;
				VERSIONING_SYSTEM = "apple-generic";
				VERSION_INFO_PREFIX = "";
			};
			name = Release;
		};
		EFAE1F3B266A0D9F00A18A42 /* Debug */ = {
			isa = XCBuildConfiguration;
			buildSettings = {
				ALWAYS_EMBED_SWIFT_STANDARD_LIBRARIES = YES;
				CLANG_ENABLE_MODULES = YES;
				CODE_SIGN_STYLE = Automatic;
				DEVELOPMENT_TEAM = 52RD2GH5DP;
				INFOPLIST_FILE = StarryNightTests/Info.plist;
				LD_RUNPATH_SEARCH_PATHS = (
					"$(inherited)",
					"@executable_path/Frameworks",
					"@loader_path/Frameworks",
				);
				PRODUCT_BUNDLE_IDENTIFIER = io.djben.StarryNightTests;
				PRODUCT_NAME = "$(TARGET_NAME)";
				SDKROOT = iphoneos;
				SWIFT_OPTIMIZATION_LEVEL = "-Onone";
				SWIFT_VERSION = 5.0;
				TARGETED_DEVICE_FAMILY = "1,2";
			};
			name = Debug;
		};
		EFAE1F3C266A0D9F00A18A42 /* Release */ = {
			isa = XCBuildConfiguration;
			buildSettings = {
				ALWAYS_EMBED_SWIFT_STANDARD_LIBRARIES = YES;
				CLANG_ENABLE_MODULES = YES;
				CODE_SIGN_STYLE = Automatic;
				DEVELOPMENT_TEAM = 52RD2GH5DP;
				INFOPLIST_FILE = StarryNightTests/Info.plist;
				LD_RUNPATH_SEARCH_PATHS = (
					"$(inherited)",
					"@executable_path/Frameworks",
					"@loader_path/Frameworks",
				);
				PRODUCT_BUNDLE_IDENTIFIER = io.djben.StarryNightTests;
				PRODUCT_NAME = "$(TARGET_NAME)";
				SDKROOT = iphoneos;
				SWIFT_VERSION = 5.0;
				TARGETED_DEVICE_FAMILY = "1,2";
				VALIDATE_PRODUCT = YES;
			};
			name = Release;
		};
/* End XCBuildConfiguration section */

/* Begin XCConfigurationList section */
		EF9D82782661BBEF00616C97 /* Build configuration list for PBXProject "SatelliteForcast" */ = {
			isa = XCConfigurationList;
			buildConfigurations = (
				EF9D82A92661BBF100616C97 /* Debug */,
				EF9D82AA2661BBF100616C97 /* Release */,
			);
			defaultConfigurationIsVisible = 0;
			defaultConfigurationName = Release;
		};
		EF9D82AB2661BBF100616C97 /* Build configuration list for PBXNativeTarget "SatelliteForcast (iOS)" */ = {
			isa = XCConfigurationList;
			buildConfigurations = (
				EF9D82AC2661BBF100616C97 /* Debug */,
				EF9D82AD2661BBF100616C97 /* Release */,
			);
			defaultConfigurationIsVisible = 0;
			defaultConfigurationName = Release;
		};
		EF9D82AE2661BBF100616C97 /* Build configuration list for PBXNativeTarget "SatelliteForcast (macOS)" */ = {
			isa = XCConfigurationList;
			buildConfigurations = (
				EF9D82AF2661BBF100616C97 /* Debug */,
				EF9D82B02661BBF100616C97 /* Release */,
			);
			defaultConfigurationIsVisible = 0;
			defaultConfigurationName = Release;
		};
		EF9D82B12661BBF100616C97 /* Build configuration list for PBXNativeTarget "Tests iOS" */ = {
			isa = XCConfigurationList;
			buildConfigurations = (
				EF9D82B22661BBF100616C97 /* Debug */,
				EF9D82B32661BBF100616C97 /* Release */,
			);
			defaultConfigurationIsVisible = 0;
			defaultConfigurationName = Release;
		};
		EF9D82B42661BBF100616C97 /* Build configuration list for PBXNativeTarget "Tests macOS" */ = {
			isa = XCConfigurationList;
			buildConfigurations = (
				EF9D82B52661BBF100616C97 /* Debug */,
				EF9D82B62661BBF100616C97 /* Release */,
			);
			defaultConfigurationIsVisible = 0;
			defaultConfigurationName = Release;
		};
		EFAE1EFA266862B500A18A42 /* Build configuration list for PBXNativeTarget "SatelliteForcastCore" */ = {
			isa = XCConfigurationList;
			buildConfigurations = (
				EFAE1EF6266862B500A18A42 /* Debug */,
				EFAE1EF7266862B500A18A42 /* Release */,
			);
			defaultConfigurationIsVisible = 0;
			defaultConfigurationName = Release;
		};
		EFAE1EFB266862B500A18A42 /* Build configuration list for PBXNativeTarget "SatelliteForcastCoreTests" */ = {
			isa = XCConfigurationList;
			buildConfigurations = (
				EFAE1EF8266862B500A18A42 /* Debug */,
				EFAE1EF9266862B500A18A42 /* Release */,
			);
			defaultConfigurationIsVisible = 0;
			defaultConfigurationName = Release;
		};
		EFAE1F3D266A0D9F00A18A42 /* Build configuration list for PBXNativeTarget "StarryNight" */ = {
			isa = XCConfigurationList;
			buildConfigurations = (
				EFAE1F39266A0D9F00A18A42 /* Debug */,
				EFAE1F3A266A0D9F00A18A42 /* Release */,
			);
			defaultConfigurationIsVisible = 0;
			defaultConfigurationName = Release;
		};
		EFAE1F3E266A0D9F00A18A42 /* Build configuration list for PBXNativeTarget "StarryNightTests" */ = {
			isa = XCConfigurationList;
			buildConfigurations = (
				EFAE1F3B266A0D9F00A18A42 /* Debug */,
				EFAE1F3C266A0D9F00A18A42 /* Release */,
			);
			defaultConfigurationIsVisible = 0;
			defaultConfigurationName = Release;
		};
/* End XCConfigurationList section */

/* Begin XCRemoteSwiftPackageReference section */
		EF4AF75E2663DA6900D28F47 /* XCRemoteSwiftPackageReference "SwiftRex" */ = {
			isa = XCRemoteSwiftPackageReference;
			repositoryURL = "https://github.com/SwiftRex/SwiftRex.git";
			requirement = {
				kind = upToNextMajorVersion;
				minimumVersion = 0.8.4;
			};
		};
		EF4AF7612663DB2000D28F47 /* XCRemoteSwiftPackageReference "ASCollectionView" */ = {
			isa = XCRemoteSwiftPackageReference;
			repositoryURL = "https://github.com/DJBen/ASCollectionView.git";
			requirement = {
				kind = upToNextMajorVersion;
				minimumVersion = 2.0.0;
			};
		};
		EF4AF7642663DB4200D28F47 /* XCRemoteSwiftPackageReference "SatelliteKit" */ = {
			isa = XCRemoteSwiftPackageReference;
			repositoryURL = "https://github.com/DJBen/SatelliteKit.git";
			requirement = {
				kind = upToNextMajorVersion;
				minimumVersion = 1.0.28;
			};
		};
		EF7A311A266AEE7C00CC33C0 /* XCRemoteSwiftPackageReference "CombineRextensions" */ = {
			isa = XCRemoteSwiftPackageReference;
			repositoryURL = "https://github.com/teufelaudio/CombineRextensions";
			requirement = {
				kind = upToNextMajorVersion;
				minimumVersion = 0.1.1;
			};
		};
		EFAE1EA92664FEEF00A18A42 /* XCRemoteSwiftPackageReference "SQLite.swift" */ = {
			isa = XCRemoteSwiftPackageReference;
			repositoryURL = "https://github.com/stephencelis/SQLite.swift.git";
			requirement = {
				kind = upToNextMajorVersion;
				minimumVersion = 0.12.2;
			};
		};
		EFAE1EC6266502EE00A18A42 /* XCRemoteSwiftPackageReference "Regex" */ = {
			isa = XCRemoteSwiftPackageReference;
			repositoryURL = "https://github.com/sharplet/Regex.git";
			requirement = {
				kind = upToNextMajorVersion;
				minimumVersion = 2.1.1;
			};
		};
/* End XCRemoteSwiftPackageReference section */

/* Begin XCSwiftPackageProductDependency section */
		EF4AF75F2663DA6900D28F47 /* CombineRex */ = {
			isa = XCSwiftPackageProductDependency;
			package = EF4AF75E2663DA6900D28F47 /* XCRemoteSwiftPackageReference "SwiftRex" */;
			productName = CombineRex;
		};
		EF4AF7622663DB2000D28F47 /* ASCollectionView */ = {
			isa = XCSwiftPackageProductDependency;
			package = EF4AF7612663DB2000D28F47 /* XCRemoteSwiftPackageReference "ASCollectionView" */;
			productName = ASCollectionView;
		};
		EF4AF7652663DB4200D28F47 /* SatelliteKit */ = {
			isa = XCSwiftPackageProductDependency;
			package = EF4AF7642663DB4200D28F47 /* XCRemoteSwiftPackageReference "SatelliteKit" */;
			productName = SatelliteKit;
		};
		EF7A311B266AEE7C00CC33C0 /* CombineRextensions */ = {
			isa = XCSwiftPackageProductDependency;
			package = EF7A311A266AEE7C00CC33C0 /* XCRemoteSwiftPackageReference "CombineRextensions" */;
			productName = CombineRextensions;
		};
		EFAE1EAA2664FEEF00A18A42 /* SQLite */ = {
			isa = XCSwiftPackageProductDependency;
			package = EFAE1EA92664FEEF00A18A42 /* XCRemoteSwiftPackageReference "SQLite.swift" */;
			productName = SQLite;
		};
		EFAE1EC7266502EE00A18A42 /* Regex */ = {
			isa = XCSwiftPackageProductDependency;
			package = EFAE1EC6266502EE00A18A42 /* XCRemoteSwiftPackageReference "Regex" */;
			productName = Regex;
		};
		EFAE1EFF2668641200A18A42 /* SatelliteKit */ = {
			isa = XCSwiftPackageProductDependency;
			package = EF4AF7642663DB4200D28F47 /* XCRemoteSwiftPackageReference "SatelliteKit" */;
			productName = SatelliteKit;
		};
		EFAE1F032668694F00A18A42 /* SatelliteKit */ = {
			isa = XCSwiftPackageProductDependency;
			package = EF4AF7642663DB4200D28F47 /* XCRemoteSwiftPackageReference "SatelliteKit" */;
			productName = SatelliteKit;
		};
		EFAE1F45266A0DD300A18A42 /* SQLite */ = {
			isa = XCSwiftPackageProductDependency;
			package = EFAE1EA92664FEEF00A18A42 /* XCRemoteSwiftPackageReference "SQLite.swift" */;
			productName = SQLite;
		};
		EFAE1F47266A0DD300A18A42 /* Regex */ = {
			isa = XCSwiftPackageProductDependency;
			package = EFAE1EC6266502EE00A18A42 /* XCRemoteSwiftPackageReference "Regex" */;
			productName = Regex;
		};
		EFAE1F51266A0E4600A18A42 /* SatelliteKit */ = {
			isa = XCSwiftPackageProductDependency;
			package = EF4AF7642663DB4200D28F47 /* XCRemoteSwiftPackageReference "SatelliteKit" */;
			productName = SatelliteKit;
		};
		EFAE1F53266A0F1A00A18A42 /* SatelliteKit */ = {
			isa = XCSwiftPackageProductDependency;
			package = EF4AF7642663DB4200D28F47 /* XCRemoteSwiftPackageReference "SatelliteKit" */;
			productName = SatelliteKit;
		};
		EFAE1F57266A0F1A00A18A42 /* Regex */ = {
			isa = XCSwiftPackageProductDependency;
			package = EFAE1EC6266502EE00A18A42 /* XCRemoteSwiftPackageReference "Regex" */;
			productName = Regex;
		};
/* End XCSwiftPackageProductDependency section */
	};
	rootObject = EF9D82752661BBEF00616C97 /* Project object */;
}
