// !$*UTF8*$!
{
	archiveVersion = 1;
	classes = {
	};
	objectVersion = 50;
	objects = {

/* Begin PBXBuildFile section */
		EF9D82962661BBF100616C97 /* Tests_iOS.swift in Sources */ = {isa = PBXBuildFile; fileRef = EF9D82952661BBF100616C97 /* Tests_iOS.swift */; };
		EF9D82A12661BBF100616C97 /* Tests_macOS.swift in Sources */ = {isa = PBXBuildFile; fileRef = EF9D82A02661BBF100616C97 /* Tests_macOS.swift */; };
		EF9D82A32661BBF100616C97 /* SatelliteForcastApp.swift in Sources */ = {isa = PBXBuildFile; fileRef = EF9D827A2661BBF000616C97 /* SatelliteForcastApp.swift */; };
		EF9D82A42661BBF100616C97 /* SatelliteForcastApp.swift in Sources */ = {isa = PBXBuildFile; fileRef = EF9D827A2661BBF000616C97 /* SatelliteForcastApp.swift */; };
		EF9D82A52661BBF100616C97 /* ContentView.swift in Sources */ = {isa = PBXBuildFile; fileRef = EF9D827B2661BBF000616C97 /* ContentView.swift */; };
		EF9D82A62661BBF100616C97 /* ContentView.swift in Sources */ = {isa = PBXBuildFile; fileRef = EF9D827B2661BBF000616C97 /* ContentView.swift */; };
		EF9D82A72661BBF100616C97 /* Assets.xcassets in Resources */ = {isa = PBXBuildFile; fileRef = EF9D827C2661BBF000616C97 /* Assets.xcassets */; };
		EF9D82A82661BBF100616C97 /* Assets.xcassets in Resources */ = {isa = PBXBuildFile; fileRef = EF9D827C2661BBF000616C97 /* Assets.xcassets */; };
/* End PBXBuildFile section */

/* Begin PBXContainerItemProxy section */
		EF9D82922661BBF100616C97 /* PBXContainerItemProxy */ = {
			isa = PBXContainerItemProxy;
			containerPortal = EF9D82752661BBEF00616C97 /* Project object */;
			proxyType = 1;
			remoteGlobalIDString = EF9D82802661BBF000616C97;
			remoteInfo = "SatelliteForcast (iOS)";
		};
		EF9D829D2661BBF100616C97 /* PBXContainerItemProxy */ = {
			isa = PBXContainerItemProxy;
			containerPortal = EF9D82752661BBEF00616C97 /* Project object */;
			proxyType = 1;
			remoteGlobalIDString = EF9D82882661BBF000616C97;
			remoteInfo = "SatelliteForcast (macOS)";
		};
/* End PBXContainerItemProxy section */

/* Begin PBXFileReference section */
		EF9D827A2661BBF000616C97 /* SatelliteForcastApp.swift */ = {isa = PBXFileReference; lastKnownFileType = sourcecode.swift; path = SatelliteForcastApp.swift; sourceTree = "<group>"; };
		EF9D827B2661BBF000616C97 /* ContentView.swift */ = {isa = PBXFileReference; lastKnownFileType = sourcecode.swift; path = ContentView.swift; sourceTree = "<group>"; };
		EF9D827C2661BBF000616C97 /* Assets.xcassets */ = {isa = PBXFileReference; lastKnownFileType = folder.assetcatalog; path = Assets.xcassets; sourceTree = "<group>"; };
		EF9D82812661BBF000616C97 /* SatelliteForcast.app */ = {isa = PBXFileReference; explicitFileType = wrapper.application; includeInIndex = 0; path = SatelliteForcast.app; sourceTree = BUILT_PRODUCTS_DIR; };
		EF9D82842661BBF000616C97 /* Info.plist */ = {isa = PBXFileReference; lastKnownFileType = text.plist.xml; path = Info.plist; sourceTree = "<group>"; };
		EF9D82892661BBF000616C97 /* SatelliteForcast.app */ = {isa = PBXFileReference; explicitFileType = wrapper.application; includeInIndex = 0; path = SatelliteForcast.app; sourceTree = BUILT_PRODUCTS_DIR; };
		EF9D828B2661BBF000616C97 /* Info.plist */ = {isa = PBXFileReference; lastKnownFileType = text.plist.xml; path = Info.plist; sourceTree = "<group>"; };
		EF9D828C2661BBF000616C97 /* macOS.entitlements */ = {isa = PBXFileReference; lastKnownFileType = text.plist.entitlements; path = macOS.entitlements; sourceTree = "<group>"; };
		EF9D82912661BBF100616C97 /* Tests iOS.xctest */ = {isa = PBXFileReference; explicitFileType = wrapper.cfbundle; includeInIndex = 0; path = "Tests iOS.xctest"; sourceTree = BUILT_PRODUCTS_DIR; };
		EF9D82952661BBF100616C97 /* Tests_iOS.swift */ = {isa = PBXFileReference; lastKnownFileType = sourcecode.swift; path = Tests_iOS.swift; sourceTree = "<group>"; };
		EF9D82972661BBF100616C97 /* Info.plist */ = {isa = PBXFileReference; lastKnownFileType = text.plist.xml; path = Info.plist; sourceTree = "<group>"; };
		EF9D829C2661BBF100616C97 /* Tests macOS.xctest */ = {isa = PBXFileReference; explicitFileType = wrapper.cfbundle; includeInIndex = 0; path = "Tests macOS.xctest"; sourceTree = BUILT_PRODUCTS_DIR; };
		EF9D82A02661BBF100616C97 /* Tests_macOS.swift */ = {isa = PBXFileReference; lastKnownFileType = sourcecode.swift; path = Tests_macOS.swift; sourceTree = "<group>"; };
		EF9D82A22661BBF100616C97 /* Info.plist */ = {isa = PBXFileReference; lastKnownFileType = text.plist.xml; path = Info.plist; sourceTree = "<group>"; };
/* End PBXFileReference section */

/* Begin PBXFrameworksBuildPhase section */
		EF9D827E2661BBF000616C97 /* Frameworks */ = {
			isa = PBXFrameworksBuildPhase;
			buildActionMask = 2147483647;
			files = (
			);
			runOnlyForDeploymentPostprocessing = 0;
		};
		EF9D82862661BBF000616C97 /* Frameworks */ = {
			isa = PBXFrameworksBuildPhase;
			buildActionMask = 2147483647;
			files = (
			);
			runOnlyForDeploymentPostprocessing = 0;
		};
		EF9D828E2661BBF000616C97 /* Frameworks */ = {
			isa = PBXFrameworksBuildPhase;
			buildActionMask = 2147483647;
			files = (
			);
			runOnlyForDeploymentPostprocessing = 0;
		};
		EF9D82992661BBF100616C97 /* Frameworks */ = {
			isa = PBXFrameworksBuildPhase;
			buildActionMask = 2147483647;
			files = (
			);
			runOnlyForDeploymentPostprocessing = 0;
		};
/* End PBXFrameworksBuildPhase section */

/* Begin PBXGroup section */
		EF9D82742661BBEF00616C97 = {
			isa = PBXGroup;
			children = (
				EF9D82792661BBEF00616C97 /* Shared */,
				EF9D82832661BBF000616C97 /* iOS */,
				EF9D828A2661BBF000616C97 /* macOS */,
				EF9D82942661BBF100616C97 /* Tests iOS */,
				EF9D829F2661BBF100616C97 /* Tests macOS */,
				EF9D82822661BBF000616C97 /* Products */,
			);
			sourceTree = "<group>";
		};
		EF9D82792661BBEF00616C97 /* Shared */ = {
			isa = PBXGroup;
			children = (
				EF9D827A2661BBF000616C97 /* SatelliteForcastApp.swift */,
				EF9D827B2661BBF000616C97 /* ContentView.swift */,
				EF9D827C2661BBF000616C97 /* Assets.xcassets */,
			);
			path = Shared;
			sourceTree = "<group>";
		};
		EF9D82822661BBF000616C97 /* Products */ = {
			isa = PBXGroup;
			children = (
				EF9D82812661BBF000616C97 /* SatelliteForcast.app */,
				EF9D82892661BBF000616C97 /* SatelliteForcast.app */,
				EF9D82912661BBF100616C97 /* Tests iOS.xctest */,
				EF9D829C2661BBF100616C97 /* Tests macOS.xctest */,
			);
			name = Products;
			sourceTree = "<group>";
		};
		EF9D82832661BBF000616C97 /* iOS */ = {
			isa = PBXGroup;
			children = (
				EF9D82842661BBF000616C97 /* Info.plist */,
			);
			path = iOS;
			sourceTree = "<group>";
		};
		EF9D828A2661BBF000616C97 /* macOS */ = {
			isa = PBXGroup;
			children = (
				EF9D828B2661BBF000616C97 /* Info.plist */,
				EF9D828C2661BBF000616C97 /* macOS.entitlements */,
			);
			path = macOS;
			sourceTree = "<group>";
		};
		EF9D82942661BBF100616C97 /* Tests iOS */ = {
			isa = PBXGroup;
			children = (
				EF9D82952661BBF100616C97 /* Tests_iOS.swift */,
				EF9D82972661BBF100616C97 /* Info.plist */,
			);
			path = "Tests iOS";
			sourceTree = "<group>";
		};
		EF9D829F2661BBF100616C97 /* Tests macOS */ = {
			isa = PBXGroup;
			children = (
				EF9D82A02661BBF100616C97 /* Tests_macOS.swift */,
				EF9D82A22661BBF100616C97 /* Info.plist */,
			);
			path = "Tests macOS";
			sourceTree = "<group>";
		};
/* End PBXGroup section */

/* Begin PBXNativeTarget section */
		EF9D82802661BBF000616C97 /* SatelliteForcast (iOS) */ = {
			isa = PBXNativeTarget;
			buildConfigurationList = EF9D82AB2661BBF100616C97 /* Build configuration list for PBXNativeTarget "SatelliteForcast (iOS)" */;
			buildPhases = (
				EF9D827D2661BBF000616C97 /* Sources */,
				EF9D827E2661BBF000616C97 /* Frameworks */,
				EF9D827F2661BBF000616C97 /* Resources */,
			);
			buildRules = (
			);
			dependencies = (
			);
			name = "SatelliteForcast (iOS)";
			productName = "SatelliteForcast (iOS)";
			productReference = EF9D82812661BBF000616C97 /* SatelliteForcast.app */;
			productType = "com.apple.product-type.application";
		};
		EF9D82882661BBF000616C97 /* SatelliteForcast (macOS) */ = {
			isa = PBXNativeTarget;
			buildConfigurationList = EF9D82AE2661BBF100616C97 /* Build configuration list for PBXNativeTarget "SatelliteForcast (macOS)" */;
			buildPhases = (
				EF9D82852661BBF000616C97 /* Sources */,
				EF9D82862661BBF000616C97 /* Frameworks */,
				EF9D82872661BBF000616C97 /* Resources */,
			);
			buildRules = (
			);
			dependencies = (
			);
			name = "SatelliteForcast (macOS)";
			productName = "SatelliteForcast (macOS)";
			productReference = EF9D82892661BBF000616C97 /* SatelliteForcast.app */;
			productType = "com.apple.product-type.application";
		};
		EF9D82902661BBF000616C97 /* Tests iOS */ = {
			isa = PBXNativeTarget;
			buildConfigurationList = EF9D82B12661BBF100616C97 /* Build configuration list for PBXNativeTarget "Tests iOS" */;
			buildPhases = (
				EF9D828D2661BBF000616C97 /* Sources */,
				EF9D828E2661BBF000616C97 /* Frameworks */,
				EF9D828F2661BBF000616C97 /* Resources */,
			);
			buildRules = (
			);
			dependencies = (
				EF9D82932661BBF100616C97 /* PBXTargetDependency */,
			);
			name = "Tests iOS";
			productName = "Tests iOS";
			productReference = EF9D82912661BBF100616C97 /* Tests iOS.xctest */;
			productType = "com.apple.product-type.bundle.ui-testing";
		};
		EF9D829B2661BBF100616C97 /* Tests macOS */ = {
			isa = PBXNativeTarget;
			buildConfigurationList = EF9D82B42661BBF100616C97 /* Build configuration list for PBXNativeTarget "Tests macOS" */;
			buildPhases = (
				EF9D82982661BBF100616C97 /* Sources */,
				EF9D82992661BBF100616C97 /* Frameworks */,
				EF9D829A2661BBF100616C97 /* Resources */,
			);
			buildRules = (
			);
			dependencies = (
				EF9D829E2661BBF100616C97 /* PBXTargetDependency */,
			);
			name = "Tests macOS";
			productName = "Tests macOS";
			productReference = EF9D829C2661BBF100616C97 /* Tests macOS.xctest */;
			productType = "com.apple.product-type.bundle.ui-testing";
		};
/* End PBXNativeTarget section */

/* Begin PBXProject section */
		EF9D82752661BBEF00616C97 /* Project object */ = {
			isa = PBXProject;
			attributes = {
				LastSwiftUpdateCheck = 1240;
				LastUpgradeCheck = 1240;
				TargetAttributes = {
					EF9D82802661BBF000616C97 = {
						CreatedOnToolsVersion = 12.4;
					};
					EF9D82882661BBF000616C97 = {
						CreatedOnToolsVersion = 12.4;
					};
					EF9D82902661BBF000616C97 = {
						CreatedOnToolsVersion = 12.4;
						TestTargetID = EF9D82802661BBF000616C97;
					};
					EF9D829B2661BBF100616C97 = {
						CreatedOnToolsVersion = 12.4;
						TestTargetID = EF9D82882661BBF000616C97;
					};
				};
			};
			buildConfigurationList = EF9D82782661BBEF00616C97 /* Build configuration list for PBXProject "SatelliteForcast" */;
			compatibilityVersion = "Xcode 9.3";
			developmentRegion = en;
			hasScannedForEncodings = 0;
			knownRegions = (
				en,
				Base,
			);
			mainGroup = EF9D82742661BBEF00616C97;
			productRefGroup = EF9D82822661BBF000616C97 /* Products */;
			projectDirPath = "";
			projectRoot = "";
			targets = (
				EF9D82802661BBF000616C97 /* SatelliteForcast (iOS) */,
				EF9D82882661BBF000616C97 /* SatelliteForcast (macOS) */,
				EF9D82902661BBF000616C97 /* Tests iOS */,
				EF9D829B2661BBF100616C97 /* Tests macOS */,
			);
		};
/* End PBXProject section */

/* Begin PBXResourcesBuildPhase section */
		EF9D827F2661BBF000616C97 /* Resources */ = {
			isa = PBXResourcesBuildPhase;
			buildActionMask = 2147483647;
			files = (
				EF9D82A72661BBF100616C97 /* Assets.xcassets in Resources */,
			);
			runOnlyForDeploymentPostprocessing = 0;
		};
		EF9D82872661BBF000616C97 /* Resources */ = {
			isa = PBXResourcesBuildPhase;
			buildActionMask = 2147483647;
			files = (
				EF9D82A82661BBF100616C97 /* Assets.xcassets in Resources */,
			);
			runOnlyForDeploymentPostprocessing = 0;
		};
		EF9D828F2661BBF000616C97 /* Resources */ = {
			isa = PBXResourcesBuildPhase;
			buildActionMask = 2147483647;
			files = (
			);
			runOnlyForDeploymentPostprocessing = 0;
		};
		EF9D829A2661BBF100616C97 /* Resources */ = {
			isa = PBXResourcesBuildPhase;
			buildActionMask = 2147483647;
			files = (
			);
			runOnlyForDeploymentPostprocessing = 0;
		};
/* End PBXResourcesBuildPhase section */

/* Begin PBXSourcesBuildPhase section */
		EF9D827D2661BBF000616C97 /* Sources */ = {
			isa = PBXSourcesBuildPhase;
			buildActionMask = 2147483647;
			files = (
				EF9D82A52661BBF100616C97 /* ContentView.swift in Sources */,
				EF9D82A32661BBF100616C97 /* SatelliteForcastApp.swift in Sources */,
			);
			runOnlyForDeploymentPostprocessing = 0;
		};
		EF9D82852661BBF000616C97 /* Sources */ = {
			isa = PBXSourcesBuildPhase;
			buildActionMask = 2147483647;
			files = (
				EF9D82A62661BBF100616C97 /* ContentView.swift in Sources */,
				EF9D82A42661BBF100616C97 /* SatelliteForcastApp.swift in Sources */,
			);
			runOnlyForDeploymentPostprocessing = 0;
		};
		EF9D828D2661BBF000616C97 /* Sources */ = {
			isa = PBXSourcesBuildPhase;
			buildActionMask = 2147483647;
			files = (
				EF9D82962661BBF100616C97 /* Tests_iOS.swift in Sources */,
			);
			runOnlyForDeploymentPostprocessing = 0;
		};
		EF9D82982661BBF100616C97 /* Sources */ = {
			isa = PBXSourcesBuildPhase;
			buildActionMask = 2147483647;
			files = (
				EF9D82A12661BBF100616C97 /* Tests_macOS.swift in Sources */,
			);
			runOnlyForDeploymentPostprocessing = 0;
		};
/* End PBXSourcesBuildPhase section */

/* Begin PBXTargetDependency section */
		EF9D82932661BBF100616C97 /* PBXTargetDependency */ = {
			isa = PBXTargetDependency;
			target = EF9D82802661BBF000616C97 /* SatelliteForcast (iOS) */;
			targetProxy = EF9D82922661BBF100616C97 /* PBXContainerItemProxy */;
		};
		EF9D829E2661BBF100616C97 /* PBXTargetDependency */ = {
			isa = PBXTargetDependency;
			target = EF9D82882661BBF000616C97 /* SatelliteForcast (macOS) */;
			targetProxy = EF9D829D2661BBF100616C97 /* PBXContainerItemProxy */;
		};
/* End PBXTargetDependency section */

/* Begin XCBuildConfiguration section */
		EF9D82A92661BBF100616C97 /* Debug */ = {
			isa = XCBuildConfiguration;
			buildSettings = {
				ALWAYS_SEARCH_USER_PATHS = NO;
				CLANG_ANALYZER_NONNULL = YES;
				CLANG_ANALYZER_NUMBER_OBJECT_CONVERSION = YES_AGGRESSIVE;
				CLANG_CXX_LANGUAGE_STANDARD = "gnu++14";
				CLANG_CXX_LIBRARY = "libc++";
				CLANG_ENABLE_MODULES = YES;
				CLANG_ENABLE_OBJC_ARC = YES;
				CLANG_ENABLE_OBJC_WEAK = YES;
				CLANG_WARN_BLOCK_CAPTURE_AUTORELEASING = YES;
				CLANG_WARN_BOOL_CONVERSION = YES;
				CLANG_WARN_COMMA = YES;
				CLANG_WARN_CONSTANT_CONVERSION = YES;
				CLANG_WARN_DEPRECATED_OBJC_IMPLEMENTATIONS = YES;
				CLANG_WARN_DIRECT_OBJC_ISA_USAGE = YES_ERROR;
				CLANG_WARN_DOCUMENTATION_COMMENTS = YES;
				CLANG_WARN_EMPTY_BODY = YES;
				CLANG_WARN_ENUM_CONVERSION = YES;
				CLANG_WARN_INFINITE_RECURSION = YES;
				CLANG_WARN_INT_CONVERSION = YES;
				CLANG_WARN_NON_LITERAL_NULL_CONVERSION = YES;
				CLANG_WARN_OBJC_IMPLICIT_RETAIN_SELF = YES;
				CLANG_WARN_OBJC_LITERAL_CONVERSION = YES;
				CLANG_WARN_OBJC_ROOT_CLASS = YES_ERROR;
				CLANG_WARN_QUOTED_INCLUDE_IN_FRAMEWORK_HEADER = YES;
				CLANG_WARN_RANGE_LOOP_ANALYSIS = YES;
				CLANG_WARN_STRICT_PROTOTYPES = YES;
				CLANG_WARN_SUSPICIOUS_MOVE = YES;
				CLANG_WARN_UNGUARDED_AVAILABILITY = YES_AGGRESSIVE;
				CLANG_WARN_UNREACHABLE_CODE = YES;
				CLANG_WARN__DUPLICATE_METHOD_MATCH = YES;
				COPY_PHASE_STRIP = NO;
				DEBUG_INFORMATION_FORMAT = dwarf;
				ENABLE_STRICT_OBJC_MSGSEND = YES;
				ENABLE_TESTABILITY = YES;
				GCC_C_LANGUAGE_STANDARD = gnu11;
				GCC_DYNAMIC_NO_PIC = NO;
				GCC_NO_COMMON_BLOCKS = YES;
				GCC_OPTIMIZATION_LEVEL = 0;
				GCC_PREPROCESSOR_DEFINITIONS = (
					"DEBUG=1",
					"$(inherited)",
				);
				GCC_WARN_64_TO_32_BIT_CONVERSION = YES;
				GCC_WARN_ABOUT_RETURN_TYPE = YES_ERROR;
				GCC_WARN_UNDECLARED_SELECTOR = YES;
				GCC_WARN_UNINITIALIZED_AUTOS = YES_AGGRESSIVE;
				GCC_WARN_UNUSED_FUNCTION = YES;
				GCC_WARN_UNUSED_VARIABLE = YES;
				MTL_ENABLE_DEBUG_INFO = INCLUDE_SOURCE;
				MTL_FAST_MATH = YES;
				ONLY_ACTIVE_ARCH = YES;
				SWIFT_ACTIVE_COMPILATION_CONDITIONS = DEBUG;
				SWIFT_OPTIMIZATION_LEVEL = "-Onone";
			};
			name = Debug;
		};
		EF9D82AA2661BBF100616C97 /* Release */ = {
			isa = XCBuildConfiguration;
			buildSettings = {
				ALWAYS_SEARCH_USER_PATHS = NO;
				CLANG_ANALYZER_NONNULL = YES;
				CLANG_ANALYZER_NUMBER_OBJECT_CONVERSION = YES_AGGRESSIVE;
				CLANG_CXX_LANGUAGE_STANDARD = "gnu++14";
				CLANG_CXX_LIBRARY = "libc++";
				CLANG_ENABLE_MODULES = YES;
				CLANG_ENABLE_OBJC_ARC = YES;
				CLANG_ENABLE_OBJC_WEAK = YES;
				CLANG_WARN_BLOCK_CAPTURE_AUTORELEASING = YES;
				CLANG_WARN_BOOL_CONVERSION = YES;
				CLANG_WARN_COMMA = YES;
				CLANG_WARN_CONSTANT_CONVERSION = YES;
				CLANG_WARN_DEPRECATED_OBJC_IMPLEMENTATIONS = YES;
				CLANG_WARN_DIRECT_OBJC_ISA_USAGE = YES_ERROR;
				CLANG_WARN_DOCUMENTATION_COMMENTS = YES;
				CLANG_WARN_EMPTY_BODY = YES;
				CLANG_WARN_ENUM_CONVERSION = YES;
				CLANG_WARN_INFINITE_RECURSION = YES;
				CLANG_WARN_INT_CONVERSION = YES;
				CLANG_WARN_NON_LITERAL_NULL_CONVERSION = YES;
				CLANG_WARN_OBJC_IMPLICIT_RETAIN_SELF = YES;
				CLANG_WARN_OBJC_LITERAL_CONVERSION = YES;
				CLANG_WARN_OBJC_ROOT_CLASS = YES_ERROR;
				CLANG_WARN_QUOTED_INCLUDE_IN_FRAMEWORK_HEADER = YES;
				CLANG_WARN_RANGE_LOOP_ANALYSIS = YES;
				CLANG_WARN_STRICT_PROTOTYPES = YES;
				CLANG_WARN_SUSPICIOUS_MOVE = YES;
				CLANG_WARN_UNGUARDED_AVAILABILITY = YES_AGGRESSIVE;
				CLANG_WARN_UNREACHABLE_CODE = YES;
				CLANG_WARN__DUPLICATE_METHOD_MATCH = YES;
				COPY_PHASE_STRIP = NO;
				DEBUG_INFORMATION_FORMAT = "dwarf-with-dsym";
				ENABLE_NS_ASSERTIONS = NO;
				ENABLE_STRICT_OBJC_MSGSEND = YES;
				GCC_C_LANGUAGE_STANDARD = gnu11;
				GCC_NO_COMMON_BLOCKS = YES;
				GCC_WARN_64_TO_32_BIT_CONVERSION = YES;
				GCC_WARN_ABOUT_RETURN_TYPE = YES_ERROR;
				GCC_WARN_UNDECLARED_SELECTOR = YES;
				GCC_WARN_UNINITIALIZED_AUTOS = YES_AGGRESSIVE;
				GCC_WARN_UNUSED_FUNCTION = YES;
				GCC_WARN_UNUSED_VARIABLE = YES;
				MTL_ENABLE_DEBUG_INFO = NO;
				MTL_FAST_MATH = YES;
				SWIFT_COMPILATION_MODE = wholemodule;
				SWIFT_OPTIMIZATION_LEVEL = "-O";
			};
			name = Release;
		};
		EF9D82AC2661BBF100616C97 /* Debug */ = {
			isa = XCBuildConfiguration;
			buildSettings = {
				ASSETCATALOG_COMPILER_APPICON_NAME = AppIcon;
				ASSETCATALOG_COMPILER_GLOBAL_ACCENT_COLOR_NAME = AccentColor;
				CODE_SIGN_STYLE = Automatic;
				ENABLE_PREVIEWS = YES;
				INFOPLIST_FILE = iOS/Info.plist;
				IPHONEOS_DEPLOYMENT_TARGET = 14.0;
				LD_RUNPATH_SEARCH_PATHS = (
					"$(inherited)",
					"@executable_path/Frameworks",
				);
				PRODUCT_BUNDLE_IDENTIFIER = io.djben.SatelliteForcast;
				PRODUCT_NAME = SatelliteForcast;
				SDKROOT = iphoneos;
				SWIFT_VERSION = 5.0;
				TARGETED_DEVICE_FAMILY = "1,2";
			};
			name = Debug;
		};
		EF9D82AD2661BBF100616C97 /* Release */ = {
			isa = XCBuildConfiguration;
			buildSettings = {
				ASSETCATALOG_COMPILER_APPICON_NAME = AppIcon;
				ASSETCATALOG_COMPILER_GLOBAL_ACCENT_COLOR_NAME = AccentColor;
				CODE_SIGN_STYLE = Automatic;
				ENABLE_PREVIEWS = YES;
				INFOPLIST_FILE = iOS/Info.plist;
				IPHONEOS_DEPLOYMENT_TARGET = 14.0;
				LD_RUNPATH_SEARCH_PATHS = (
					"$(inherited)",
					"@executable_path/Frameworks",
				);
				PRODUCT_BUNDLE_IDENTIFIER = io.djben.SatelliteForcast;
				PRODUCT_NAME = SatelliteForcast;
				SDKROOT = iphoneos;
				SWIFT_VERSION = 5.0;
				TARGETED_DEVICE_FAMILY = "1,2";
				VALIDATE_PRODUCT = YES;
			};
			name = Release;
		};
		EF9D82AF2661BBF100616C97 /* Debug */ = {
			isa = XCBuildConfiguration;
			buildSettings = {
				ASSETCATALOG_COMPILER_APPICON_NAME = AppIcon;
				ASSETCATALOG_COMPILER_GLOBAL_ACCENT_COLOR_NAME = AccentColor;
				CODE_SIGN_ENTITLEMENTS = macOS/macOS.entitlements;
				CODE_SIGN_STYLE = Automatic;
				COMBINE_HIDPI_IMAGES = YES;
				ENABLE_PREVIEWS = YES;
				INFOPLIST_FILE = macOS/Info.plist;
				LD_RUNPATH_SEARCH_PATHS = (
					"$(inherited)",
					"@executable_path/../Frameworks",
				);
				MACOSX_DEPLOYMENT_TARGET = 11.0;
				PRODUCT_BUNDLE_IDENTIFIER = io.djben.SatelliteForcast;
				PRODUCT_NAME = SatelliteForcast;
				SDKROOT = macosx;
				SWIFT_VERSION = 5.0;
			};
			name = Debug;
		};
		EF9D82B02661BBF100616C97 /* Release */ = {
			isa = XCBuildConfiguration;
			buildSettings = {
				ASSETCATALOG_COMPILER_APPICON_NAME = AppIcon;
				ASSETCATALOG_COMPILER_GLOBAL_ACCENT_COLOR_NAME = AccentColor;
				CODE_SIGN_ENTITLEMENTS = macOS/macOS.entitlements;
				CODE_SIGN_STYLE = Automatic;
				COMBINE_HIDPI_IMAGES = YES;
				ENABLE_PREVIEWS = YES;
				INFOPLIST_FILE = macOS/Info.plist;
				LD_RUNPATH_SEARCH_PATHS = (
					"$(inherited)",
					"@executable_path/../Frameworks",
				);
				MACOSX_DEPLOYMENT_TARGET = 11.0;
				PRODUCT_BUNDLE_IDENTIFIER = io.djben.SatelliteForcast;
				PRODUCT_NAME = SatelliteForcast;
				SDKROOT = macosx;
				SWIFT_VERSION = 5.0;
			};
			name = Release;
		};
		EF9D82B22661BBF100616C97 /* Debug */ = {
			isa = XCBuildConfiguration;
			buildSettings = {
				ALWAYS_EMBED_SWIFT_STANDARD_LIBRARIES = YES;
				CODE_SIGN_STYLE = Automatic;
				INFOPLIST_FILE = "Tests iOS/Info.plist";
				IPHONEOS_DEPLOYMENT_TARGET = 14.4;
				LD_RUNPATH_SEARCH_PATHS = (
					"$(inherited)",
					"@executable_path/Frameworks",
					"@loader_path/Frameworks",
				);
				PRODUCT_BUNDLE_IDENTIFIER = "io.djben.Tests-iOS";
				PRODUCT_NAME = "$(TARGET_NAME)";
				SDKROOT = iphoneos;
				SWIFT_VERSION = 5.0;
				TARGETED_DEVICE_FAMILY = "1,2";
				TEST_TARGET_NAME = "SatelliteForcast (iOS)";
			};
			name = Debug;
		};
		EF9D82B32661BBF100616C97 /* Release */ = {
			isa = XCBuildConfiguration;
			buildSettings = {
				ALWAYS_EMBED_SWIFT_STANDARD_LIBRARIES = YES;
				CODE_SIGN_STYLE = Automatic;
				INFOPLIST_FILE = "Tests iOS/Info.plist";
				IPHONEOS_DEPLOYMENT_TARGET = 14.4;
				LD_RUNPATH_SEARCH_PATHS = (
					"$(inherited)",
					"@executable_path/Frameworks",
					"@loader_path/Frameworks",
				);
				PRODUCT_BUNDLE_IDENTIFIER = "io.djben.Tests-iOS";
				PRODUCT_NAME = "$(TARGET_NAME)";
				SDKROOT = iphoneos;
				SWIFT_VERSION = 5.0;
				TARGETED_DEVICE_FAMILY = "1,2";
				TEST_TARGET_NAME = "SatelliteForcast (iOS)";
				VALIDATE_PRODUCT = YES;
			};
			name = Release;
		};
		EF9D82B52661BBF100616C97 /* Debug */ = {
			isa = XCBuildConfiguration;
			buildSettings = {
				ALWAYS_EMBED_SWIFT_STANDARD_LIBRARIES = YES;
				CODE_SIGN_STYLE = Automatic;
				COMBINE_HIDPI_IMAGES = YES;
				INFOPLIST_FILE = "Tests macOS/Info.plist";
				LD_RUNPATH_SEARCH_PATHS = (
					"$(inherited)",
					"@executable_path/../Frameworks",
					"@loader_path/../Frameworks",
				);
				MACOSX_DEPLOYMENT_TARGET = 11.1;
				PRODUCT_BUNDLE_IDENTIFIER = "io.djben.Tests-macOS";
				PRODUCT_NAME = "$(TARGET_NAME)";
				SDKROOT = macosx;
				SWIFT_VERSION = 5.0;
				TEST_TARGET_NAME = "SatelliteForcast (macOS)";
			};
			name = Debug;
		};
		EF9D82B62661BBF100616C97 /* Release */ = {
			isa = XCBuildConfiguration;
			buildSettings = {
				ALWAYS_EMBED_SWIFT_STANDARD_LIBRARIES = YES;
				CODE_SIGN_STYLE = Automatic;
				COMBINE_HIDPI_IMAGES = YES;
				INFOPLIST_FILE = "Tests macOS/Info.plist";
				LD_RUNPATH_SEARCH_PATHS = (
					"$(inherited)",
					"@executable_path/../Frameworks",
					"@loader_path/../Frameworks",
				);
				MACOSX_DEPLOYMENT_TARGET = 11.1;
				PRODUCT_BUNDLE_IDENTIFIER = "io.djben.Tests-macOS";
				PRODUCT_NAME = "$(TARGET_NAME)";
				SDKROOT = macosx;
				SWIFT_VERSION = 5.0;
				TEST_TARGET_NAME = "SatelliteForcast (macOS)";
			};
			name = Release;
		};
/* End XCBuildConfiguration section */

/* Begin XCConfigurationList section */
		EF9D82782661BBEF00616C97 /* Build configuration list for PBXProject "SatelliteForcast" */ = {
			isa = XCConfigurationList;
			buildConfigurations = (
				EF9D82A92661BBF100616C97 /* Debug */,
				EF9D82AA2661BBF100616C97 /* Release */,
			);
			defaultConfigurationIsVisible = 0;
			defaultConfigurationName = Release;
		};
		EF9D82AB2661BBF100616C97 /* Build configuration list for PBXNativeTarget "SatelliteForcast (iOS)" */ = {
			isa = XCConfigurationList;
			buildConfigurations = (
				EF9D82AC2661BBF100616C97 /* Debug */,
				EF9D82AD2661BBF100616C97 /* Release */,
			);
			defaultConfigurationIsVisible = 0;
			defaultConfigurationName = Release;
		};
		EF9D82AE2661BBF100616C97 /* Build configuration list for PBXNativeTarget "SatelliteForcast (macOS)" */ = {
			isa = XCConfigurationList;
			buildConfigurations = (
				EF9D82AF2661BBF100616C97 /* Debug */,
				EF9D82B02661BBF100616C97 /* Release */,
			);
			defaultConfigurationIsVisible = 0;
			defaultConfigurationName = Release;
		};
		EF9D82B12661BBF100616C97 /* Build configuration list for PBXNativeTarget "Tests iOS" */ = {
			isa = XCConfigurationList;
			buildConfigurations = (
				EF9D82B22661BBF100616C97 /* Debug */,
				EF9D82B32661BBF100616C97 /* Release */,
			);
			defaultConfigurationIsVisible = 0;
			defaultConfigurationName = Release;
		};
		EF9D82B42661BBF100616C97 /* Build configuration list for PBXNativeTarget "Tests macOS" */ = {
			isa = XCConfigurationList;
			buildConfigurations = (
				EF9D82B52661BBF100616C97 /* Debug */,
				EF9D82B62661BBF100616C97 /* Release */,
			);
			defaultConfigurationIsVisible = 0;
			defaultConfigurationName = Release;
		};
/* End XCConfigurationList section */
	};
	rootObject = EF9D82752661BBEF00616C97 /* Project object */;
}
