{
  "object": {
    "pins": [
      {
        "package": "ASCollectionView",
        "repositoryURL": "https://github.com/DJBen/ASCollectionView.git",
        "state": {
          "branch": null,
          "revision": "bab75600a09e52a002101f1dcaab94d42591513b",
          "version": "2.0.0"
        }
      },
      {
        "package": "CombineRextensions",
        "repositoryURL": "https://github.com/teufelaudio/CombineRextensions",
        "state": {
          "branch": null,
          "revision": "f79c1a85b0334c0d6577b6bfe897d645b21369ff",
          "version": "0.1.1"
        }
      },
      {
        "package": "DifferenceKit",
        "repositoryURL": "https://github.com/ra1028/DifferenceKit",
        "state": {
          "branch": null,
          "revision": "62745d7780deef4a023a792a1f8f763ec7bf9705",
          "version": "1.2.0"
        }
      },
      {
        "package": "ReactiveSwift",
        "repositoryURL": "https://github.com/ReactiveCocoa/ReactiveSwift.git",
        "state": {
          "branch": null,
          "revision": "4a8e1e4a683e96daf658f68132dae781738bc862",
          "version": "6.6.0"
        }
      },
      {
        "package": "Regex",
        "repositoryURL": "https://github.com/sharplet/Regex.git",
        "state": {
          "branch": null,
          "revision": "76c2b73d4281d77fc3118391877efd1bf972f515",
          "version": "2.1.1"
        }
      },
      {
        "package": "RxSwift",
        "repositoryURL": "https://github.com/ReactiveX/RxSwift.git",
        "state": {
          "branch": null,
          "revision": "7c17a6ccca06b5c107cfa4284e634562ddaf5951",
          "version": "6.2.0"
        }
      },
      {
        "package": "SatelliteKit",
        "repositoryURL": "https://github.com/DJBen/SatelliteKit.git",
        "state": {
          "branch": null,
          "revision": "64f7195fe74ba8c5168f2878a264a6cf09480612",
          "version": "1.0.28"
        }
      },
      {
        "package": "SQLite.swift",
        "repositoryURL": "https://github.com/stephencelis/SQLite.swift.git",
        "state": {
          "branch": null,
          "revision": "0a9893ec030501a3956bee572d6b4fdd3ae158a1",
          "version": "0.12.2"
        }
      },
      {
        "package": "SwiftRex",
        "repositoryURL": "https://github.com/SwiftRex/SwiftRex.git",
        "state": {
          "branch": null,
          "revision": "fbbf0eaab840bfc2f1e07e7e32d9327a63bc48ba",
          "version": "0.8.4"
        }
      }
    ]
  },
  "version": 1
}
