{
  "originHash" : "7ce0c0cc6b9240d026f3dc079ad313bc16f8d66f143d1db9e331ac14b911dbd3",
  "pins" : [
    {
      "identity" : "satellitekit",
      "kind" : "remoteSourceControl",
      "location" : "https://github.com/DJBen/SatelliteKit.git",
      "state" : {
        "revision" : "d279d1b4ed081e7658eed3f8e9df0fd9c6d5c2ce",
        "version" : "3.0.0"
      }
    }
  ],
  "version" : 3
}
